// !$*UTF8*$!
{
	archiveVersion = 1;
	classes = {
	};
	objectVersion = 55;
	objects = {

/* Begin PBXBuildFile section */
		91014F162895835C00C58E8B /* userInfo.swift in Sources */ = {isa = PBXBuildFile; fileRef = 91014F152895835C00C58E8B /* userInfo.swift */; };
		91014F182895840500C58E8B /* userContents.swift in Sources */ = {isa = PBXBuildFile; fileRef = 91014F172895840500C58E8B /* userContents.swift */; };
		91014F1A2895841F00C58E8B /* genreInfo.swift in Sources */ = {isa = PBXBuildFile; fileRef = 91014F192895841F00C58E8B /* genreInfo.swift */; };
		D08E273F2893A56A00013A12 /* PlinicApp.swift in Sources */ = {isa = PBXBuildFile; fileRef = D08E273E2893A56A00013A12 /* PlinicApp.swift */; };
		D08E27412893A56A00013A12 /* ContentView.swift in Sources */ = {isa = PBXBuildFile; fileRef = D08E27402893A56A00013A12 /* ContentView.swift */; };
		D08E27432893A56F00013A12 /* Assets.xcassets in Resources */ = {isa = PBXBuildFile; fileRef = D08E27422893A56F00013A12 /* Assets.xcassets */; };
		D08E27462893A56F00013A12 /* Preview Assets.xcassets in Resources */ = {isa = PBXBuildFile; fileRef = D08E27452893A56F00013A12 /* Preview Assets.xcassets */; };
		D08E274F2893C63500013A12 /* thumbnail.swift in Sources */ = {isa = PBXBuildFile; fileRef = D08E274E2893C63400013A12 /* thumbnail.swift */; };
		D08E27512893CF0800013A12 /* playlistInfo.swift in Sources */ = {isa = PBXBuildFile; fileRef = D08E27502893CF0700013A12 /* playlistInfo.swift */; };
/* End PBXBuildFile section */

/* Begin PBXFileReference section */
		91014F152895835C00C58E8B /* userInfo.swift */ = {isa = PBXFileReference; lastKnownFileType = sourcecode.swift; path = userInfo.swift; sourceTree = "<group>"; };
		91014F172895840500C58E8B /* userContents.swift */ = {isa = PBXFileReference; lastKnownFileType = sourcecode.swift; path = userContents.swift; sourceTree = "<group>"; };
		91014F192895841F00C58E8B /* genreInfo.swift */ = {isa = PBXFileReference; lastKnownFileType = sourcecode.swift; path = genreInfo.swift; sourceTree = "<group>"; };
		D08E273B2893A56A00013A12 /* Plinic.app */ = {isa = PBXFileReference; explicitFileType = wrapper.application; includeInIndex = 0; path = Plinic.app; sourceTree = BUILT_PRODUCTS_DIR; };
		D08E273E2893A56A00013A12 /* PlinicApp.swift */ = {isa = PBXFileReference; lastKnownFileType = sourcecode.swift; path = PlinicApp.swift; sourceTree = "<group>"; };
		D08E27402893A56A00013A12 /* ContentView.swift */ = {isa = PBXFileReference; lastKnownFileType = sourcecode.swift; path = ContentView.swift; sourceTree = "<group>"; };
		D08E27422893A56F00013A12 /* Assets.xcassets */ = {isa = PBXFileReference; lastKnownFileType = folder.assetcatalog; path = Assets.xcassets; sourceTree = "<group>"; };
		D08E27452893A56F00013A12 /* Preview Assets.xcassets */ = {isa = PBXFileReference; lastKnownFileType = folder.assetcatalog; path = "Preview Assets.xcassets"; sourceTree = "<group>"; };
		D08E274E2893C63400013A12 /* thumbnail.swift */ = {isa = PBXFileReference; lastKnownFileType = sourcecode.swift; path = thumbnail.swift; sourceTree = "<group>"; };
		D08E27502893CF0700013A12 /* playlistInfo.swift */ = {isa = PBXFileReference; lastKnownFileType = sourcecode.swift; path = playlistInfo.swift; sourceTree = "<group>"; };
/* End PBXFileReference section */

/* Begin PBXFrameworksBuildPhase section */
		D08E27382893A56A00013A12 /* Frameworks */ = {
			isa = PBXFrameworksBuildPhase;
			buildActionMask = 2147483647;
			files = (
			);
			runOnlyForDeploymentPostprocessing = 0;
		};
/* End PBXFrameworksBuildPhase section */

/* Begin PBXGroup section */
		D08E27322893A56A00013A12 = {
			isa = PBXGroup;
			children = (
				D08E273D2893A56A00013A12 /* Plinic */,
				D08E273C2893A56A00013A12 /* Products */,
			);
			sourceTree = "<group>";
		};
		D08E273C2893A56A00013A12 /* Products */ = {
			isa = PBXGroup;
			children = (
				D08E273B2893A56A00013A12 /* Plinic.app */,
			);
			name = Products;
			sourceTree = "<group>";
		};
		D08E273D2893A56A00013A12 /* Plinic */ = {
			isa = PBXGroup;
			children = (
				D08E274C2893C5A200013A12 /* user */,
				D08E273E2893A56A00013A12 /* PlinicApp.swift */,
				D08E27402893A56A00013A12 /* ContentView.swift */,
				D08E27422893A56F00013A12 /* Assets.xcassets */,
				D08E27442893A56F00013A12 /* Preview Content */,
			);
			path = Plinic;
			sourceTree = "<group>";
		};
		D08E27442893A56F00013A12 /* Preview Content */ = {
			isa = PBXGroup;
			children = (
				D08E27452893A56F00013A12 /* Preview Assets.xcassets */,
			);
			path = "Preview Content";
			sourceTree = "<group>";
		};
		D08E274C2893C5A200013A12 /* user */ = {
			isa = PBXGroup;
			children = (
				D08E274D2893C5B100013A12 /* userViews */,
			);
			path = user;
			sourceTree = "<group>";
		};
		D08E274D2893C5B100013A12 /* userViews */ = {
			isa = PBXGroup;
			children = (
				D08E274E2893C63400013A12 /* thumbnail.swift */,
				D08E27502893CF0700013A12 /* playlistInfo.swift */,
				91014F152895835C00C58E8B /* userInfo.swift */,
				91014F172895840500C58E8B /* userContents.swift */,
				91014F192895841F00C58E8B /* genreInfo.swift */,
			);
			path = userViews;
			sourceTree = "<group>";
		};
/* End PBXGroup section */

/* Begin PBXNativeTarget section */
		D08E273A2893A56A00013A12 /* Plinic */ = {
			isa = PBXNativeTarget;
			buildConfigurationList = D08E27492893A56F00013A12 /* Build configuration list for PBXNativeTarget "Plinic" */;
			buildPhases = (
				D08E27372893A56A00013A12 /* Sources */,
				D08E27382893A56A00013A12 /* Frameworks */,
				D08E27392893A56A00013A12 /* Resources */,
			);
			buildRules = (
			);
			dependencies = (
			);
			name = Plinic;
			productName = Plinic;
			productReference = D08E273B2893A56A00013A12 /* Plinic.app */;
			productType = "com.apple.product-type.application";
		};
/* End PBXNativeTarget section */

/* Begin PBXProject section */
		D08E27332893A56A00013A12 /* Project object */ = {
			isa = PBXProject;
			attributes = {
				BuildIndependentTargetsInParallel = 1;
				LastSwiftUpdateCheck = 1330;
				LastUpgradeCheck = 1330;
				TargetAttributes = {
					D08E273A2893A56A00013A12 = {
						CreatedOnToolsVersion = 13.3;
					};
				};
			};
			buildConfigurationList = D08E27362893A56A00013A12 /* Build configuration list for PBXProject "Plinic" */;
			compatibilityVersion = "Xcode 13.0";
			developmentRegion = en;
			hasScannedForEncodings = 0;
			knownRegions = (
				en,
				Base,
			);
			mainGroup = D08E27322893A56A00013A12;
			productRefGroup = D08E273C2893A56A00013A12 /* Products */;
			projectDirPath = "";
			projectRoot = "";
			targets = (
				D08E273A2893A56A00013A12 /* Plinic */,
			);
		};
/* End PBXProject section */

/* Begin PBXResourcesBuildPhase section */
		D08E27392893A56A00013A12 /* Resources */ = {
			isa = PBXResourcesBuildPhase;
			buildActionMask = 2147483647;
			files = (
				D08E27462893A56F00013A12 /* Preview Assets.xcassets in Resources */,
				D08E27432893A56F00013A12 /* Assets.xcassets in Resources */,
			);
			runOnlyForDeploymentPostprocessing = 0;
		};
/* End PBXResourcesBuildPhase section */

/* Begin PBXSourcesBuildPhase section */
		D08E27372893A56A00013A12 /* Sources */ = {
			isa = PBXSourcesBuildPhase;
			buildActionMask = 2147483647;
			files = (
				D08E274F2893C63500013A12 /* thumbnail.swift in Sources */,
				91014F1A2895841F00C58E8B /* genreInfo.swift in Sources */,
				D08E27412893A56A00013A12 /* ContentView.swift in Sources */,
				91014F182895840500C58E8B /* userContents.swift in Sources */,
				D08E273F2893A56A00013A12 /* PlinicApp.swift in Sources */,
				91014F162895835C00C58E8B /* userInfo.swift in Sources */,
				D08E27512893CF0800013A12 /* playlistInfo.swift in Sources */,
			);
			runOnlyForDeploymentPostprocessing = 0;
		};
/* End PBXSourcesBuildPhase section */

/* Begin XCBuildConfiguration section */
		D08E27472893A56F00013A12 /* Debug */ = {
			isa = XCBuildConfiguration;
			buildSettings = {
				ALWAYS_SEARCH_USER_PATHS = NO;
				CLANG_ANALYZER_NONNULL = YES;
				CLANG_ANALYZER_NUMBER_OBJECT_CONVERSION = YES_AGGRESSIVE;
				CLANG_CXX_LANGUAGE_STANDARD = "gnu++17";
				CLANG_ENABLE_MODULES = YES;
				CLANG_ENABLE_OBJC_ARC = YES;
				CLANG_ENABLE_OBJC_WEAK = YES;
				CLANG_WARN_BLOCK_CAPTURE_AUTORELEASING = YES;
				CLANG_WARN_BOOL_CONVERSION = YES;
				CLANG_WARN_COMMA = YES;
				CLANG_WARN_CONSTANT_CONVERSION = YES;
				CLANG_WARN_DEPRECATED_OBJC_IMPLEMENTATIONS = YES;
				CLANG_WARN_DIRECT_OBJC_ISA_USAGE = YES_ERROR;
				CLANG_WARN_DOCUMENTATION_COMMENTS = YES;
				CLANG_WARN_EMPTY_BODY = YES;
				CLANG_WARN_ENUM_CONVERSION = YES;
				CLANG_WARN_INFINITE_RECURSION = YES;
				CLANG_WARN_INT_CONVERSION = YES;
				CLANG_WARN_NON_LITERAL_NULL_CONVERSION = YES;
				CLANG_WARN_OBJC_IMPLICIT_RETAIN_SELF = YES;
				CLANG_WARN_OBJC_LITERAL_CONVERSION = YES;
				CLANG_WARN_OBJC_ROOT_CLASS = YES_ERROR;
				CLANG_WARN_QUOTED_INCLUDE_IN_FRAMEWORK_HEADER = YES;
				CLANG_WARN_RANGE_LOOP_ANALYSIS = YES;
				CLANG_WARN_STRICT_PROTOTYPES = YES;
				CLANG_WARN_SUSPICIOUS_MOVE = YES;
				CLANG_WARN_UNGUARDED_AVAILABILITY = YES_AGGRESSIVE;
				CLANG_WARN_UNREACHABLE_CODE = YES;
				CLANG_WARN__DUPLICATE_METHOD_MATCH = YES;
				COPY_PHASE_STRIP = NO;
				DEBUG_INFORMATION_FORMAT = dwarf;
				ENABLE_STRICT_OBJC_MSGSEND = YES;
				ENABLE_TESTABILITY = YES;
				GCC_C_LANGUAGE_STANDARD = gnu11;
				GCC_DYNAMIC_NO_PIC = NO;
				GCC_NO_COMMON_BLOCKS = YES;
				GCC_OPTIMIZATION_LEVEL = 0;
				GCC_PREPROCESSOR_DEFINITIONS = (
					"DEBUG=1",
					"$(inherited)",
				);
				GCC_WARN_64_TO_32_BIT_CONVERSION = YES;
				GCC_WARN_ABOUT_RETURN_TYPE = YES_ERROR;
				GCC_WARN_UNDECLARED_SELECTOR = YES;
				GCC_WARN_UNINITIALIZED_AUTOS = YES_AGGRESSIVE;
				GCC_WARN_UNUSED_FUNCTION = YES;
				GCC_WARN_UNUSED_VARIABLE = YES;
				IPHONEOS_DEPLOYMENT_TARGET = 15.4;
				MTL_ENABLE_DEBUG_INFO = INCLUDE_SOURCE;
				MTL_FAST_MATH = YES;
				ONLY_ACTIVE_ARCH = YES;
				SDKROOT = iphoneos;
				SWIFT_ACTIVE_COMPILATION_CONDITIONS = DEBUG;
				SWIFT_OPTIMIZATION_LEVEL = "-Onone";
			};
			name = Debug;
		};
		D08E27482893A56F00013A12 /* Release */ = {
			isa = XCBuildConfiguration;
			buildSettings = {
				ALWAYS_SEARCH_USER_PATHS = NO;
				CLANG_ANALYZER_NONNULL = YES;
				CLANG_ANALYZER_NUMBER_OBJECT_CONVERSION = YES_AGGRESSIVE;
				CLANG_CXX_LANGUAGE_STANDARD = "gnu++17";
				CLANG_ENABLE_MODULES = YES;
				CLANG_ENABLE_OBJC_ARC = YES;
				CLANG_ENABLE_OBJC_WEAK = YES;
				CLANG_WARN_BLOCK_CAPTURE_AUTORELEASING = YES;
				CLANG_WARN_BOOL_CONVERSION = YES;
				CLANG_WARN_COMMA = YES;
				CLANG_WARN_CONSTANT_CONVERSION = YES;
				CLANG_WARN_DEPRECATED_OBJC_IMPLEMENTATIONS = YES;
				CLANG_WARN_DIRECT_OBJC_ISA_USAGE = YES_ERROR;
				CLANG_WARN_DOCUMENTATION_COMMENTS = YES;
				CLANG_WARN_EMPTY_BODY = YES;
				CLANG_WARN_ENUM_CONVERSION = YES;
				CLANG_WARN_INFINITE_RECURSION = YES;
				CLANG_WARN_INT_CONVERSION = YES;
				CLANG_WARN_NON_LITERAL_NULL_CONVERSION = YES;
				CLANG_WARN_OBJC_IMPLICIT_RETAIN_SELF = YES;
				CLANG_WARN_OBJC_LITERAL_CONVERSION = YES;
				CLANG_WARN_OBJC_ROOT_CLASS = YES_ERROR;
				CLANG_WARN_QUOTED_INCLUDE_IN_FRAMEWORK_HEADER = YES;
				CLANG_WARN_RANGE_LOOP_ANALYSIS = YES;
				CLANG_WARN_STRICT_PROTOTYPES = YES;
				CLANG_WARN_SUSPICIOUS_MOVE = YES;
				CLANG_WARN_UNGUARDED_AVAILABILITY = YES_AGGRESSIVE;
				CLANG_WARN_UNREACHABLE_CODE = YES;
				CLANG_WARN__DUPLICATE_METHOD_MATCH = YES;
				COPY_PHASE_STRIP = NO;
				DEBUG_INFORMATION_FORMAT = "dwarf-with-dsym";
				ENABLE_NS_ASSERTIONS = NO;
				ENABLE_STRICT_OBJC_MSGSEND = YES;
				GCC_C_LANGUAGE_STANDARD = gnu11;
				GCC_NO_COMMON_BLOCKS = YES;
				GCC_WARN_64_TO_32_BIT_CONVERSION = YES;
				GCC_WARN_ABOUT_RETURN_TYPE = YES_ERROR;
				GCC_WARN_UNDECLARED_SELECTOR = YES;
				GCC_WARN_UNINITIALIZED_AUTOS = YES_AGGRESSIVE;
				GCC_WARN_UNUSED_FUNCTION = YES;
				GCC_WARN_UNUSED_VARIABLE = YES;
				IPHONEOS_DEPLOYMENT_TARGET = 15.4;
				MTL_ENABLE_DEBUG_INFO = NO;
				MTL_FAST_MATH = YES;
				SDKROOT = iphoneos;
				SWIFT_COMPILATION_MODE = wholemodule;
				SWIFT_OPTIMIZATION_LEVEL = "-O";
				VALIDATE_PRODUCT = YES;
			};
			name = Release;
		};
		D08E274A2893A56F00013A12 /* Debug */ = {
			isa = XCBuildConfiguration;
			buildSettings = {
				ASSETCATALOG_COMPILER_APPICON_NAME = AppIcon;
				ASSETCATALOG_COMPILER_GLOBAL_ACCENT_COLOR_NAME = AccentColor;
				CODE_SIGN_STYLE = Automatic;
				CURRENT_PROJECT_VERSION = 1;
				DEVELOPMENT_ASSET_PATHS = "\"Plinic/Preview Content\"";
				DEVELOPMENT_TEAM = 585F6TK5A8;
				ENABLE_PREVIEWS = YES;
				GENERATE_INFOPLIST_FILE = YES;
				INFOPLIST_KEY_UIApplicationSceneManifest_Generation = YES;
				INFOPLIST_KEY_UIApplicationSupportsIndirectInputEvents = YES;
				INFOPLIST_KEY_UILaunchScreen_Generation = YES;
				INFOPLIST_KEY_UISupportedInterfaceOrientations = UIInterfaceOrientationPortrait;
				INFOPLIST_KEY_UISupportedInterfaceOrientations_iPad = "UIInterfaceOrientationPortrait UIInterfaceOrientationPortraitUpsideDown UIInterfaceOrientationLandscapeLeft UIInterfaceOrientationLandscapeRight";
				INFOPLIST_KEY_UISupportedInterfaceOrientations_iPhone = "UIInterfaceOrientationPortrait UIInterfaceOrientationLandscapeLeft UIInterfaceOrientationLandscapeRight";
				IPHONEOS_DEPLOYMENT_TARGET = 15.0;
				LD_RUNPATH_SEARCH_PATHS = (
					"$(inherited)",
					"@executable_path/Frameworks",
				);
				MARKETING_VERSION = 1.0;
				PRODUCT_BUNDLE_IDENTIFIER = kr.ac.ILGOB.Plinic;
				PRODUCT_NAME = "$(TARGET_NAME)";
				SWIFT_EMIT_LOC_STRINGS = YES;
				SWIFT_VERSION = 5.0;
				TARGETED_DEVICE_FAMILY = 1;
			};
			name = Debug;
		};
		D08E274B2893A56F00013A12 /* Release */ = {
			isa = XCBuildConfiguration;
			buildSettings = {
				ASSETCATALOG_COMPILER_APPICON_NAME = AppIcon;
				ASSETCATALOG_COMPILER_GLOBAL_ACCENT_COLOR_NAME = AccentColor;
				CODE_SIGN_STYLE = Automatic;
				CURRENT_PROJECT_VERSION = 1;
				DEVELOPMENT_ASSET_PATHS = "\"Plinic/Preview Content\"";
				DEVELOPMENT_TEAM = 585F6TK5A8;
				ENABLE_PREVIEWS = YES;
				GENERATE_INFOPLIST_FILE = YES;
				INFOPLIST_KEY_UIApplicationSceneManifest_Generation = YES;
				INFOPLIST_KEY_UIApplicationSupportsIndirectInputEvents = YES;
				INFOPLIST_KEY_UILaunchScreen_Generation = YES;
				INFOPLIST_KEY_UISupportedInterfaceOrientations = UIInterfaceOrientationPortrait;
				INFOPLIST_KEY_UISupportedInterfaceOrientations_iPad = "UIInterfaceOrientationPortrait UIInterfaceOrientationPortraitUpsideDown UIInterfaceOrientationLandscapeLeft UIInterfaceOrientationLandscapeRight";
				INFOPLIST_KEY_UISupportedInterfaceOrientations_iPhone = "UIInterfaceOrientationPortrait UIInterfaceOrientationLandscapeLeft UIInterfaceOrientationLandscapeRight";
				IPHONEOS_DEPLOYMENT_TARGET = 15.0;
				LD_RUNPATH_SEARCH_PATHS = (
					"$(inherited)",
					"@executable_path/Frameworks",
				);
				MARKETING_VERSION = 1.0;
				PRODUCT_BUNDLE_IDENTIFIER = kr.ac.ILGOB.Plinic;
				PRODUCT_NAME = "$(TARGET_NAME)";
				SWIFT_EMIT_LOC_STRINGS = YES;
				SWIFT_VERSION = 5.0;
				TARGETED_DEVICE_FAMILY = 1;
			};
			name = Release;
		};
/* End XCBuildConfiguration section */

/* Begin XCConfigurationList section */
		D08E27362893A56A00013A12 /* Build configuration list for PBXProject "Plinic" */ = {
			isa = XCConfigurationList;
			buildConfigurations = (
				D08E27472893A56F00013A12 /* Debug */,
				D08E27482893A56F00013A12 /* Release */,
			);
			defaultConfigurationIsVisible = 0;
			defaultConfigurationName = Release;
		};
		D08E27492893A56F00013A12 /* Build configuration list for PBXNativeTarget "Plinic" */ = {
			isa = XCConfigurationList;
			buildConfigurations = (
				D08E274A2893A56F00013A12 /* Debug */,
				D08E274B2893A56F00013A12 /* Release */,
			);
			defaultConfigurationIsVisible = 0;
			defaultConfigurationName = Release;
		};
/* End XCConfigurationList section */
	};
	rootObject = D08E27332893A56A00013A12 /* Project object */;
}
