// !$*UTF8*$!
{
	archiveVersion = 1;
	classes = {
	};
	objectVersion = 55;
	objects = {

/* Begin PBXBuildFile section */
		91014F162895835C00C58E8B /* UserInfoView.swift in Sources */ = {isa = PBXBuildFile; fileRef = 91014F152895835C00C58E8B /* UserInfoView.swift */; };
		91014F182895840500C58E8B /* UserContents.swift in Sources */ = {isa = PBXBuildFile; fileRef = 91014F172895840500C58E8B /* UserContents.swift */; };
		91014F1A2895841F00C58E8B /* GenreTagView.swift in Sources */ = {isa = PBXBuildFile; fileRef = 91014F192895841F00C58E8B /* GenreTagView.swift */; };
		91014F1C2895920100C58E8B /* UserContentView.swift in Sources */ = {isa = PBXBuildFile; fileRef = 91014F1B2895920100C58E8B /* UserContentView.swift */; };
		9113806928AFDDD4006CD66A /* PlaylistCreate.swift in Sources */ = {isa = PBXBuildFile; fileRef = 9113806828AFDDD4006CD66A /* PlaylistCreate.swift */; };
		9113807228C79836006CD66A /* SearchResult.swift in Sources */ = {isa = PBXBuildFile; fileRef = 9113807128C79836006CD66A /* SearchResult.swift */; };
		9113807828CF13E0006CD66A /* UserResult.swift in Sources */ = {isa = PBXBuildFile; fileRef = 9113807728CF13E0006CD66A /* UserResult.swift */; };
		9113807A28CF13F6006CD66A /* UserTopResult.swift in Sources */ = {isa = PBXBuildFile; fileRef = 9113807928CF13F6006CD66A /* UserTopResult.swift */; };
		914AF7B228D88E640016C38C /* SearchDetail.swift in Sources */ = {isa = PBXBuildFile; fileRef = 914AF7B128D88E640016C38C /* SearchDetail.swift */; };
		91BC78E228A691CC002C38CF /* UserMyPlaylistView.swift in Sources */ = {isa = PBXBuildFile; fileRef = 91BC78E128A691CC002C38CF /* UserMyPlaylistView.swift */; };
		91BC78E428A6920F002C38CF /* UserMyPostView.swift in Sources */ = {isa = PBXBuildFile; fileRef = 91BC78E328A6920F002C38CF /* UserMyPostView.swift */; };
		D009B16F29029264005F4982 /* PostDetailData.swift in Sources */ = {isa = PBXBuildFile; fileRef = D009B16E29029264005F4982 /* PostDetailData.swift */; };
		D01AE77129011C6B00117432 /* PostHeader.swift in Sources */ = {isa = PBXBuildFile; fileRef = D01AE77029011C6B00117432 /* PostHeader.swift */; };
		D01C63A328A6B2280037813F /* .gitignore in Resources */ = {isa = PBXBuildFile; fileRef = D01C63A228A6B2280037813F /* .gitignore */; };
		D01C63A728A6D0180037813F /* PostInfoView.swift in Sources */ = {isa = PBXBuildFile; fileRef = D01C63A628A6D0180037813F /* PostInfoView.swift */; };
		D01F104E290452CB001B61D0 /* PlaylistInfo.swift in Sources */ = {isa = PBXBuildFile; fileRef = D01F104D290452CB001B61D0 /* PlaylistInfo.swift */; };
		D0229E6328FE8DD800C5F38C /* BackgroundVideo.swift in Sources */ = {isa = PBXBuildFile; fileRef = D0229E6228FE8DD800C5F38C /* BackgroundVideo.swift */; };
		D022C58628D6FDA300E4EFEA /* VideoBackgroundView.swift in Sources */ = {isa = PBXBuildFile; fileRef = D022C58528D6FDA300E4EFEA /* VideoBackgroundView.swift */; };
		D022C58928D704DA00E4EFEA /* LoginButton.swift in Sources */ = {isa = PBXBuildFile; fileRef = D022C58828D704DA00E4EFEA /* LoginButton.swift */; };
		D04183E4289D26890045C907 /* UserProfile.swift in Sources */ = {isa = PBXBuildFile; fileRef = D04183E3289D26890045C907 /* UserProfile.swift */; };
		D0461A7028F45AD100149F92 /* RxKakaoSDK in Frameworks */ = {isa = PBXBuildFile; productRef = D0461A6F28F45AD100149F92 /* RxKakaoSDK */; };
		D04E4A6228AF664700D04543 /* PostDetailInfo.swift in Sources */ = {isa = PBXBuildFile; fileRef = D04E4A6128AF664700D04543 /* PostDetailInfo.swift */; };
		D04E4A6428AF69E400D04543 /* PostDetail.swift in Sources */ = {isa = PBXBuildFile; fileRef = D04E4A6328AF69E400D04543 /* PostDetail.swift */; };
		D050ED2A28FAACD50048C20F /* UserView.swift in Sources */ = {isa = PBXBuildFile; fileRef = D050ED2928FAACD50048C20F /* UserView.swift */; };
		D052589328BC8E0300EDF8C4 /* GenreThumbnail.swift in Sources */ = {isa = PBXBuildFile; fileRef = D052589228BC8E0300EDF8C4 /* GenreThumbnail.swift */; };
		D063160528FFE80A00636ED1 /* PostList.swift in Sources */ = {isa = PBXBuildFile; fileRef = D063160428FFE80A00636ED1 /* PostList.swift */; };
		D06539B728AFCDBF008B5199 /* PostCreate.swift in Sources */ = {isa = PBXBuildFile; fileRef = D06539B628AFCDBF008B5199 /* PostCreate.swift */; };
		D08E273F2893A56A00013A12 /* PlinicApp.swift in Sources */ = {isa = PBXBuildFile; fileRef = D08E273E2893A56A00013A12 /* PlinicApp.swift */; };
		D08E27412893A56A00013A12 /* ContentView.swift in Sources */ = {isa = PBXBuildFile; fileRef = D08E27402893A56A00013A12 /* ContentView.swift */; };
		D08E27432893A56F00013A12 /* Assets.xcassets in Resources */ = {isa = PBXBuildFile; fileRef = D08E27422893A56F00013A12 /* Assets.xcassets */; };
		D08E27462893A56F00013A12 /* Preview Assets.xcassets in Resources */ = {isa = PBXBuildFile; fileRef = D08E27452893A56F00013A12 /* Preview Assets.xcassets */; };
		D08E274F2893C63500013A12 /* Thumbnail.swift in Sources */ = {isa = PBXBuildFile; fileRef = D08E274E2893C63400013A12 /* Thumbnail.swift */; };
		D08E27552896CC3000013A12 /* PlaylistWebView.swift in Sources */ = {isa = PBXBuildFile; fileRef = D08E27542896CC3000013A12 /* PlaylistWebView.swift */; };
		D08E27592896D70300013A12 /* UserPlaylist.swift in Sources */ = {isa = PBXBuildFile; fileRef = D08E27582896D70300013A12 /* UserPlaylist.swift */; };
		D0A54AC528ACA8DA0097010B /* PostContentView.swift in Sources */ = {isa = PBXBuildFile; fileRef = D0A54AC428ACA8DA0097010B /* PostContentView.swift */; };
		D0B5D67C28F3084C00D07944 /* MyAppDelegate.swift in Sources */ = {isa = PBXBuildFile; fileRef = D0B5D67B28F3084C00D07944 /* MyAppDelegate.swift */; };
		D0B5D68428F30B2200D07944 /* MySceneDelegate.swift in Sources */ = {isa = PBXBuildFile; fileRef = D0B5D68328F30B2200D07944 /* MySceneDelegate.swift */; };
		D0B5D68628F30E7300D07944 /* KakaoAuthVM.swift in Sources */ = {isa = PBXBuildFile; fileRef = D0B5D68528F30E7300D07944 /* KakaoAuthVM.swift */; };
		D0C176B428BE13EF007CB43F /* SearchContentView.swift in Sources */ = {isa = PBXBuildFile; fileRef = D0C176B228BE1360007CB43F /* SearchContentView.swift */; };
		D0C176B628C73419007CB43F /* SearchBar.swift in Sources */ = {isa = PBXBuildFile; fileRef = D0C176B528C73418007CB43F /* SearchBar.swift */; };
		D0C176B928D21A45007CB43F /* LoginContentView.swift in Sources */ = {isa = PBXBuildFile; fileRef = D0C176B828D21A45007CB43F /* LoginContentView.swift */; };
		D0F4D4CF28FD93F90085EB28 /* PlinicColors.swift in Sources */ = {isa = PBXBuildFile; fileRef = D0F4D4CE28FD93F90085EB28 /* PlinicColors.swift */; };
		D0F4D4D128FDA1BE0085EB28 /* PostView.swift in Sources */ = {isa = PBXBuildFile; fileRef = D0F4D4D028FDA1BE0085EB28 /* PostView.swift */; };
		D0F4D4D328FDA1CB0085EB28 /* Search.swift in Sources */ = {isa = PBXBuildFile; fileRef = D0F4D4D228FDA1CB0085EB28 /* Search.swift */; };
		D0F4D4D528FDAEB20085EB28 /* Keyboards.swift in Sources */ = {isa = PBXBuildFile; fileRef = D0F4D4D428FDAEB20085EB28 /* Keyboards.swift */; };
		E84A3E082903AFB6007FAA78 /* PostAPI.swift in Sources */ = {isa = PBXBuildFile; fileRef = E84A3E072903AFB6007FAA78 /* PostAPI.swift */; };
		E84A3E0A2903AFDB007FAA78 /* RandomAPI.swift in Sources */ = {isa = PBXBuildFile; fileRef = E84A3E092903AFDB007FAA78 /* RandomAPI.swift */; };
		E84A3E0E2903B274007FAA78 /* Post.swift in Sources */ = {isa = PBXBuildFile; fileRef = E84A3E0D2903B274007FAA78 /* Post.swift */; };
		E84A3E102903B294007FAA78 /* Author.swift in Sources */ = {isa = PBXBuildFile; fileRef = E84A3E0F2903B294007FAA78 /* Author.swift */; };
		E84A3E122903B2AD007FAA78 /* Playlist.swift in Sources */ = {isa = PBXBuildFile; fileRef = E84A3E112903B2AD007FAA78 /* Playlist.swift */; };
		E84A3E162903B894007FAA78 /* NetworkService.swift in Sources */ = {isa = PBXBuildFile; fileRef = E84A3E152903B894007FAA78 /* NetworkService.swift */; };
		E86ECD56290472090039D8BF /* View+.swift in Sources */ = {isa = PBXBuildFile; fileRef = E86ECD55290472090039D8BF /* View+.swift */; };
		E86ECD58290472190039D8BF /* ViewDidLoadModifier.swift in Sources */ = {isa = PBXBuildFile; fileRef = E86ECD57290472190039D8BF /* ViewDidLoadModifier.swift */; };
/* End PBXBuildFile section */

/* Begin PBXFileReference section */
		91014F152895835C00C58E8B /* UserInfoView.swift */ = {isa = PBXFileReference; lastKnownFileType = sourcecode.swift; path = UserInfoView.swift; sourceTree = "<group>"; };
		91014F172895840500C58E8B /* UserContents.swift */ = {isa = PBXFileReference; lastKnownFileType = sourcecode.swift; path = UserContents.swift; sourceTree = "<group>"; };
		91014F192895841F00C58E8B /* GenreTagView.swift */ = {isa = PBXFileReference; lastKnownFileType = sourcecode.swift; path = GenreTagView.swift; sourceTree = "<group>"; };
		91014F1B2895920100C58E8B /* UserContentView.swift */ = {isa = PBXFileReference; lastKnownFileType = sourcecode.swift; path = UserContentView.swift; sourceTree = "<group>"; };
		9113806828AFDDD4006CD66A /* PlaylistCreate.swift */ = {isa = PBXFileReference; lastKnownFileType = sourcecode.swift; path = PlaylistCreate.swift; sourceTree = "<group>"; };
		9113807128C79836006CD66A /* SearchResult.swift */ = {isa = PBXFileReference; lastKnownFileType = sourcecode.swift; path = SearchResult.swift; sourceTree = "<group>"; };
		9113807728CF13E0006CD66A /* UserResult.swift */ = {isa = PBXFileReference; lastKnownFileType = sourcecode.swift; path = UserResult.swift; sourceTree = "<group>"; };
		9113807928CF13F6006CD66A /* UserTopResult.swift */ = {isa = PBXFileReference; lastKnownFileType = sourcecode.swift; path = UserTopResult.swift; sourceTree = "<group>"; };
		914AF7B128D88E640016C38C /* SearchDetail.swift */ = {isa = PBXFileReference; lastKnownFileType = sourcecode.swift; path = SearchDetail.swift; sourceTree = "<group>"; };
		91BC78E128A691CC002C38CF /* UserMyPlaylistView.swift */ = {isa = PBXFileReference; lastKnownFileType = sourcecode.swift; path = UserMyPlaylistView.swift; sourceTree = "<group>"; };
		91BC78E328A6920F002C38CF /* UserMyPostView.swift */ = {isa = PBXFileReference; lastKnownFileType = sourcecode.swift; path = UserMyPostView.swift; sourceTree = "<group>"; };
		D009B16E29029264005F4982 /* PostDetailData.swift */ = {isa = PBXFileReference; lastKnownFileType = sourcecode.swift; path = PostDetailData.swift; sourceTree = "<group>"; };
		D01AE77029011C6B00117432 /* PostHeader.swift */ = {isa = PBXFileReference; lastKnownFileType = sourcecode.swift; path = PostHeader.swift; sourceTree = "<group>"; };
		D01C63A228A6B2280037813F /* .gitignore */ = {isa = PBXFileReference; lastKnownFileType = text; path = .gitignore; sourceTree = "<group>"; };
		D01C63A628A6D0180037813F /* PostInfoView.swift */ = {isa = PBXFileReference; lastKnownFileType = sourcecode.swift; path = PostInfoView.swift; sourceTree = "<group>"; };
		D01F104D290452CB001B61D0 /* PlaylistInfo.swift */ = {isa = PBXFileReference; lastKnownFileType = sourcecode.swift; path = PlaylistInfo.swift; sourceTree = "<group>"; };
		D0229E6228FE8DD800C5F38C /* BackgroundVideo.swift */ = {isa = PBXFileReference; lastKnownFileType = sourcecode.swift; path = BackgroundVideo.swift; sourceTree = "<group>"; };
		D022C58528D6FDA300E4EFEA /* VideoBackgroundView.swift */ = {isa = PBXFileReference; lastKnownFileType = sourcecode.swift; path = VideoBackgroundView.swift; sourceTree = "<group>"; };
		D022C58828D704DA00E4EFEA /* LoginButton.swift */ = {isa = PBXFileReference; lastKnownFileType = sourcecode.swift; path = LoginButton.swift; sourceTree = "<group>"; };
		D031829828F18BF40092267C /* Config.xcconfig */ = {isa = PBXFileReference; lastKnownFileType = text.xcconfig; path = Config.xcconfig; sourceTree = "<group>"; };
		D04183E3289D26890045C907 /* UserProfile.swift */ = {isa = PBXFileReference; lastKnownFileType = sourcecode.swift; path = UserProfile.swift; sourceTree = "<group>"; };
		D04E4A6128AF664700D04543 /* PostDetailInfo.swift */ = {isa = PBXFileReference; lastKnownFileType = sourcecode.swift; path = PostDetailInfo.swift; sourceTree = "<group>"; };
		D04E4A6328AF69E400D04543 /* PostDetail.swift */ = {isa = PBXFileReference; lastKnownFileType = sourcecode.swift; path = PostDetail.swift; sourceTree = "<group>"; };
		D050ED2928FAACD50048C20F /* UserView.swift */ = {isa = PBXFileReference; lastKnownFileType = sourcecode.swift; path = UserView.swift; sourceTree = "<group>"; };
		D052589228BC8E0300EDF8C4 /* GenreThumbnail.swift */ = {isa = PBXFileReference; lastKnownFileType = sourcecode.swift; path = GenreThumbnail.swift; sourceTree = "<group>"; };
		D063160428FFE80A00636ED1 /* PostList.swift */ = {isa = PBXFileReference; lastKnownFileType = sourcecode.swift; path = PostList.swift; sourceTree = "<group>"; };
		D06539B628AFCDBF008B5199 /* PostCreate.swift */ = {isa = PBXFileReference; lastKnownFileType = sourcecode.swift; path = PostCreate.swift; sourceTree = "<group>"; };
		D08E273B2893A56A00013A12 /* Plinic.app */ = {isa = PBXFileReference; explicitFileType = wrapper.application; includeInIndex = 0; path = Plinic.app; sourceTree = BUILT_PRODUCTS_DIR; };
		D08E273E2893A56A00013A12 /* PlinicApp.swift */ = {isa = PBXFileReference; lastKnownFileType = sourcecode.swift; path = PlinicApp.swift; sourceTree = "<group>"; };
		D08E27402893A56A00013A12 /* ContentView.swift */ = {isa = PBXFileReference; lastKnownFileType = sourcecode.swift; path = ContentView.swift; sourceTree = "<group>"; };
		D08E27422893A56F00013A12 /* Assets.xcassets */ = {isa = PBXFileReference; lastKnownFileType = folder.assetcatalog; path = Assets.xcassets; sourceTree = "<group>"; };
		D08E27452893A56F00013A12 /* Preview Assets.xcassets */ = {isa = PBXFileReference; lastKnownFileType = folder.assetcatalog; path = "Preview Assets.xcassets"; sourceTree = "<group>"; };
		D08E274E2893C63400013A12 /* Thumbnail.swift */ = {isa = PBXFileReference; lastKnownFileType = sourcecode.swift; path = Thumbnail.swift; sourceTree = "<group>"; };
		D08E27522896CBCA00013A12 /* Info.plist */ = {isa = PBXFileReference; lastKnownFileType = text.plist; path = Info.plist; sourceTree = "<group>"; };
		D08E27542896CC3000013A12 /* PlaylistWebView.swift */ = {isa = PBXFileReference; lastKnownFileType = sourcecode.swift; path = PlaylistWebView.swift; sourceTree = "<group>"; };
		D08E27582896D70300013A12 /* UserPlaylist.swift */ = {isa = PBXFileReference; lastKnownFileType = sourcecode.swift; path = UserPlaylist.swift; sourceTree = "<group>"; };
		D0A54AC428ACA8DA0097010B /* PostContentView.swift */ = {isa = PBXFileReference; lastKnownFileType = sourcecode.swift; path = PostContentView.swift; sourceTree = "<group>"; };
		D0B5D67B28F3084C00D07944 /* MyAppDelegate.swift */ = {isa = PBXFileReference; lastKnownFileType = sourcecode.swift; path = MyAppDelegate.swift; sourceTree = "<group>"; };
		D0B5D68328F30B2200D07944 /* MySceneDelegate.swift */ = {isa = PBXFileReference; lastKnownFileType = sourcecode.swift; path = MySceneDelegate.swift; sourceTree = "<group>"; };
		D0B5D68528F30E7300D07944 /* KakaoAuthVM.swift */ = {isa = PBXFileReference; lastKnownFileType = sourcecode.swift; path = KakaoAuthVM.swift; sourceTree = "<group>"; };
		D0C176B228BE1360007CB43F /* SearchContentView.swift */ = {isa = PBXFileReference; lastKnownFileType = sourcecode.swift; lineEnding = 1; name = SearchContentView.swift; path = Plinic/search/SearchContentView.swift; sourceTree = SOURCE_ROOT; usesTabs = 0; };
		D0C176B528C73418007CB43F /* SearchBar.swift */ = {isa = PBXFileReference; lastKnownFileType = sourcecode.swift; path = SearchBar.swift; sourceTree = "<group>"; };
		D0C176B828D21A45007CB43F /* LoginContentView.swift */ = {isa = PBXFileReference; lastKnownFileType = sourcecode.swift; path = LoginContentView.swift; sourceTree = "<group>"; };
		D0F4D4CE28FD93F90085EB28 /* PlinicColors.swift */ = {isa = PBXFileReference; lastKnownFileType = sourcecode.swift; path = PlinicColors.swift; sourceTree = "<group>"; };
		D0F4D4D028FDA1BE0085EB28 /* PostView.swift */ = {isa = PBXFileReference; lastKnownFileType = sourcecode.swift; path = PostView.swift; sourceTree = "<group>"; };
		D0F4D4D228FDA1CB0085EB28 /* Search.swift */ = {isa = PBXFileReference; lastKnownFileType = sourcecode.swift; path = Search.swift; sourceTree = "<group>"; };
		D0F4D4D428FDAEB20085EB28 /* Keyboards.swift */ = {isa = PBXFileReference; lastKnownFileType = sourcecode.swift; path = Keyboards.swift; sourceTree = "<group>"; };
		E84A3E072903AFB6007FAA78 /* PostAPI.swift */ = {isa = PBXFileReference; lastKnownFileType = sourcecode.swift; path = PostAPI.swift; sourceTree = "<group>"; };
		E84A3E092903AFDB007FAA78 /* RandomAPI.swift */ = {isa = PBXFileReference; lastKnownFileType = sourcecode.swift; path = RandomAPI.swift; sourceTree = "<group>"; };
		E84A3E0D2903B274007FAA78 /* Post.swift */ = {isa = PBXFileReference; lastKnownFileType = sourcecode.swift; path = Post.swift; sourceTree = "<group>"; };
		E84A3E0F2903B294007FAA78 /* Author.swift */ = {isa = PBXFileReference; lastKnownFileType = sourcecode.swift; path = Author.swift; sourceTree = "<group>"; };
		E84A3E112903B2AD007FAA78 /* Playlist.swift */ = {isa = PBXFileReference; lastKnownFileType = sourcecode.swift; path = Playlist.swift; sourceTree = "<group>"; };
		E84A3E152903B894007FAA78 /* NetworkService.swift */ = {isa = PBXFileReference; lastKnownFileType = sourcecode.swift; path = NetworkService.swift; sourceTree = "<group>"; };
		E86ECD55290472090039D8BF /* View+.swift */ = {isa = PBXFileReference; lastKnownFileType = sourcecode.swift; path = "View+.swift"; sourceTree = "<group>"; };
		E86ECD57290472190039D8BF /* ViewDidLoadModifier.swift */ = {isa = PBXFileReference; lastKnownFileType = sourcecode.swift; path = ViewDidLoadModifier.swift; sourceTree = "<group>"; };
/* End PBXFileReference section */

/* Begin PBXFrameworksBuildPhase section */
		D08E27382893A56A00013A12 /* Frameworks */ = {
			isa = PBXFrameworksBuildPhase;
			buildActionMask = 2147483647;
			files = (
				D0461A7028F45AD100149F92 /* RxKakaoSDK in Frameworks */,
			);
			runOnlyForDeploymentPostprocessing = 0;
		};
/* End PBXFrameworksBuildPhase section */

/* Begin PBXGroup section */
		D01C63A428A6CF970037813F /* Post */ = {
			isa = PBXGroup;
			children = (
				D01C63A528A6CFB10037813F /* PostViews */,
				D0A54AC428ACA8DA0097010B /* PostContentView.swift */,
				D04E4A6328AF69E400D04543 /* PostDetail.swift */,
				D06539B628AFCDBF008B5199 /* PostCreate.swift */,
			);
			path = Post;
			sourceTree = "<group>";
		};
		D01C63A528A6CFB10037813F /* PostViews */ = {
			isa = PBXGroup;
			children = (
				D01C63A628A6D0180037813F /* PostInfoView.swift */,
				D04E4A6128AF664700D04543 /* PostDetailInfo.swift */,
				D01AE77029011C6B00117432 /* PostHeader.swift */,
			);
			path = PostViews;
			sourceTree = "<group>";
		};
		D0229E6128FE8DAC00C5F38C /* Back-End */ = {
			isa = PBXGroup;
			children = (
				D009B16E29029264005F4982 /* PostDetailData.swift */,
				E84A3E142903B88B007FAA78 /* Network */,
				E84A3E062903AF5D007FAA78 /* PlaylistAPI */,
				E84A3E052903AF48007FAA78 /* RandomAPI */,
				E84A3E032903AF24007FAA78 /* PostAPI */,
			);
			path = "Back-End";
			sourceTree = "<group>";
		};
		D022C58428D6FD8500E4EFEA /* VideoBackground */ = {
			isa = PBXGroup;
			children = (
				D022C58528D6FDA300E4EFEA /* VideoBackgroundView.swift */,
			);
			path = VideoBackground;
			sourceTree = "<group>";
		};
		D022C58728D704BC00E4EFEA /* LoginViews */ = {
			isa = PBXGroup;
			children = (
				D022C58828D704DA00E4EFEA /* LoginButton.swift */,
			);
			path = LoginViews;
			sourceTree = "<group>";
		};
		D0461A6E28F45AC500149F92 /* Frameworks */ = {
			isa = PBXGroup;
			children = (
			);
			name = Frameworks;
			sourceTree = "<group>";
		};
		D050ED2828FAACBA0048C20F /* Navigation */ = {
			isa = PBXGroup;
			children = (
				D050ED2928FAACD50048C20F /* UserView.swift */,
				D0F4D4D028FDA1BE0085EB28 /* PostView.swift */,
				D0F4D4D228FDA1CB0085EB28 /* Search.swift */,
			);
			path = Navigation;
			sourceTree = "<group>";
		};
		D052589028BC8BB900EDF8C4 /* Search */ = {
			isa = PBXGroup;
			children = (
				D052589128BC8BE900EDF8C4 /* SearchViews */,
				D0C176B228BE1360007CB43F /* SearchContentView.swift */,
			);
			path = Search;
			sourceTree = "<group>";
		};
		D052589128BC8BE900EDF8C4 /* SearchViews */ = {
			isa = PBXGroup;
			children = (
				D052589228BC8E0300EDF8C4 /* GenreThumbnail.swift */,
				D0C176B528C73418007CB43F /* SearchBar.swift */,
				9113807128C79836006CD66A /* SearchResult.swift */,
				9113807728CF13E0006CD66A /* UserResult.swift */,
				9113807928CF13F6006CD66A /* UserTopResult.swift */,
				914AF7B128D88E640016C38C /* SearchDetail.swift */,
			);
			path = SearchViews;
			sourceTree = "<group>";
		};
		D08E27322893A56A00013A12 = {
			isa = PBXGroup;
			children = (
				D031829828F18BF40092267C /* Config.xcconfig */,
				D01C63A228A6B2280037813F /* .gitignore */,
				D08E273D2893A56A00013A12 /* Plinic */,
				D08E27422893A56F00013A12 /* Assets.xcassets */,
				D08E273C2893A56A00013A12 /* Products */,
				D0461A6E28F45AC500149F92 /* Frameworks */,
			);
			sourceTree = "<group>";
		};
		D08E273C2893A56A00013A12 /* Products */ = {
			isa = PBXGroup;
			children = (
				D08E273B2893A56A00013A12 /* Plinic.app */,
			);
			name = Products;
			sourceTree = "<group>";
		};
		D08E273D2893A56A00013A12 /* Plinic */ = {
			isa = PBXGroup;
			children = (
				D0229E6128FE8DAC00C5F38C /* Back-End */,
				D0F4D4CD28FD93BE0085EB28 /* Extensions */,
				D08E27522896CBCA00013A12 /* Info.plist */,
				D08E273E2893A56A00013A12 /* PlinicApp.swift */,
				D08E27402893A56A00013A12 /* ContentView.swift */,
				D050ED2828FAACBA0048C20F /* Navigation */,
				D022C58428D6FD8500E4EFEA /* VideoBackground */,
				D08E27532896CC1000013A12 /* WebViews */,
				D08E274C2893C5A200013A12 /* User */,
				D01C63A428A6CF970037813F /* Post */,
				D052589028BC8BB900EDF8C4 /* Search */,
				D0C176B728D21A15007CB43F /* Login */,
				D08E27442893A56F00013A12 /* Preview Content */,
			);
			path = Plinic;
			sourceTree = "<group>";
		};
		D08E27442893A56F00013A12 /* Preview Content */ = {
			isa = PBXGroup;
			children = (
				D08E27452893A56F00013A12 /* Preview Assets.xcassets */,
			);
			path = "Preview Content";
			sourceTree = "<group>";
		};
		D08E274C2893C5A200013A12 /* User */ = {
			isa = PBXGroup;
			children = (
				D08E274D2893C5B100013A12 /* UserViews */,
				91014F1B2895920100C58E8B /* UserContentView.swift */,
				D08E27582896D70300013A12 /* UserPlaylist.swift */,
				D04183E3289D26890045C907 /* UserProfile.swift */,
				9113806828AFDDD4006CD66A /* PlaylistCreate.swift */,
			);
			path = User;
			sourceTree = "<group>";
		};
		D08E274D2893C5B100013A12 /* UserViews */ = {
			isa = PBXGroup;
			children = (
				D08E274E2893C63400013A12 /* Thumbnail.swift */,
				D01F104D290452CB001B61D0 /* PlaylistInfo.swift */,
				91014F152895835C00C58E8B /* UserInfoView.swift */,
				91014F172895840500C58E8B /* UserContents.swift */,
				91014F192895841F00C58E8B /* GenreTagView.swift */,
				91BC78E128A691CC002C38CF /* UserMyPlaylistView.swift */,
				91BC78E328A6920F002C38CF /* UserMyPostView.swift */,
			);
			path = UserViews;
			sourceTree = "<group>";
		};
		D08E27532896CC1000013A12 /* WebViews */ = {
			isa = PBXGroup;
			children = (
				D08E27542896CC3000013A12 /* PlaylistWebView.swift */,
			);
			path = WebViews;
			sourceTree = "<group>";
		};
		D0C176B728D21A15007CB43F /* Login */ = {
			isa = PBXGroup;
			children = (
				D022C58728D704BC00E4EFEA /* LoginViews */,
				D0C176B828D21A45007CB43F /* LoginContentView.swift */,
				D0B5D67B28F3084C00D07944 /* MyAppDelegate.swift */,
				D0B5D68328F30B2200D07944 /* MySceneDelegate.swift */,
				D0B5D68528F30E7300D07944 /* KakaoAuthVM.swift */,
			);
			path = Login;
			sourceTree = "<group>";
		};
		D0F4D4CD28FD93BE0085EB28 /* Extensions */ = {
			isa = PBXGroup;
			children = (
				D0F4D4CE28FD93F90085EB28 /* PlinicColors.swift */,
				D0F4D4D428FDAEB20085EB28 /* Keyboards.swift */,
				E86ECD55290472090039D8BF /* View+.swift */,
				E86ECD57290472190039D8BF /* ViewDidLoadModifier.swift */,
			);
			path = Extensions;
			sourceTree = "<group>";
		};
		E84A3E032903AF24007FAA78 /* PostAPI */ = {
			isa = PBXGroup;
			children = (
				E84A3E072903AFB6007FAA78 /* PostAPI.swift */,
				E84A3E0C2903B265007FAA78 /* DTO */,
			);
			path = PostAPI;
			sourceTree = "<group>";
		};
		E84A3E052903AF48007FAA78 /* RandomAPI */ = {
			isa = PBXGroup;
			children = (
				E84A3E092903AFDB007FAA78 /* RandomAPI.swift */,
				E84A3E132903B615007FAA78 /* DTO */,
			);
			path = RandomAPI;
			sourceTree = "<group>";
		};
		E84A3E062903AF5D007FAA78 /* PlaylistAPI */ = {
			isa = PBXGroup;
			children = (
			);
			path = PlaylistAPI;
			sourceTree = "<group>";
		};
		E84A3E0C2903B265007FAA78 /* DTO */ = {
			isa = PBXGroup;
			children = (
				D063160428FFE80A00636ED1 /* PostList.swift */,
				E84A3E0D2903B274007FAA78 /* Post.swift */,
				E84A3E0F2903B294007FAA78 /* Author.swift */,
				E84A3E112903B2AD007FAA78 /* Playlist.swift */,
			);
			path = DTO;
			sourceTree = "<group>";
		};
		E84A3E132903B615007FAA78 /* DTO */ = {
			isa = PBXGroup;
			children = (
				D0229E6228FE8DD800C5F38C /* BackgroundVideo.swift */,
			);
			path = DTO;
			sourceTree = "<group>";
		};
		E84A3E142903B88B007FAA78 /* Network */ = {
			isa = PBXGroup;
			children = (
				E84A3E152903B894007FAA78 /* NetworkService.swift */,
			);
			path = Network;
			sourceTree = "<group>";
		};
/* End PBXGroup section */

/* Begin PBXNativeTarget section */
		D08E273A2893A56A00013A12 /* Plinic */ = {
			isa = PBXNativeTarget;
			buildConfigurationList = D08E27492893A56F00013A12 /* Build configuration list for PBXNativeTarget "Plinic" */;
			buildPhases = (
				D08E27372893A56A00013A12 /* Sources */,
				D08E27382893A56A00013A12 /* Frameworks */,
				D08E27392893A56A00013A12 /* Resources */,
			);
			buildRules = (
			);
			dependencies = (
			);
			name = Plinic;
			packageProductDependencies = (
				D0461A6F28F45AD100149F92 /* RxKakaoSDK */,
			);
			productName = Plinic;
			productReference = D08E273B2893A56A00013A12 /* Plinic.app */;
			productType = "com.apple.product-type.application";
		};
/* End PBXNativeTarget section */

/* Begin PBXProject section */
		D08E27332893A56A00013A12 /* Project object */ = {
			isa = PBXProject;
			attributes = {
				BuildIndependentTargetsInParallel = 1;
				LastSwiftUpdateCheck = 1330;
				LastUpgradeCheck = 1330;
				TargetAttributes = {
					D08E273A2893A56A00013A12 = {
						CreatedOnToolsVersion = 13.3;
					};
				};
			};
			buildConfigurationList = D08E27362893A56A00013A12 /* Build configuration list for PBXProject "Plinic" */;
			compatibilityVersion = "Xcode 13.0";
			developmentRegion = en;
			hasScannedForEncodings = 0;
			knownRegions = (
				en,
				Base,
			);
			mainGroup = D08E27322893A56A00013A12;
			packageReferences = (
				D0461A6B28F4591C00149F92 /* XCRemoteSwiftPackageReference "kakao-ios-sdk-rx" */,
			);
			productRefGroup = D08E273C2893A56A00013A12 /* Products */;
			projectDirPath = "";
			projectRoot = "";
			targets = (
				D08E273A2893A56A00013A12 /* Plinic */,
			);
		};
/* End PBXProject section */

/* Begin PBXResourcesBuildPhase section */
		D08E27392893A56A00013A12 /* Resources */ = {
			isa = PBXResourcesBuildPhase;
			buildActionMask = 2147483647;
			files = (
				D08E27462893A56F00013A12 /* Preview Assets.xcassets in Resources */,
				D01C63A328A6B2280037813F /* .gitignore in Resources */,
				D08E27432893A56F00013A12 /* Assets.xcassets in Resources */,
			);
			runOnlyForDeploymentPostprocessing = 0;
		};
/* End PBXResourcesBuildPhase section */

/* Begin PBXSourcesBuildPhase section */
		D08E27372893A56A00013A12 /* Sources */ = {
			isa = PBXSourcesBuildPhase;
			buildActionMask = 2147483647;
			files = (
				D0F4D4D528FDAEB20085EB28 /* Keyboards.swift in Sources */,
				D0C176B928D21A45007CB43F /* LoginContentView.swift in Sources */,
				D009B16F29029264005F4982 /* PostDetailData.swift in Sources */,
				D0A54AC528ACA8DA0097010B /* PostContentView.swift in Sources */,
				D0C176B628C73419007CB43F /* SearchBar.swift in Sources */,
				D01C63A728A6D0180037813F /* PostInfoView.swift in Sources */,
				D022C58628D6FDA300E4EFEA /* VideoBackgroundView.swift in Sources */,
				E84A3E0E2903B274007FAA78 /* Post.swift in Sources */,
				D08E274F2893C63500013A12 /* Thumbnail.swift in Sources */,
				E84A3E0A2903AFDB007FAA78 /* RandomAPI.swift in Sources */,
				914AF7B228D88E640016C38C /* SearchDetail.swift in Sources */,
				D06539B728AFCDBF008B5199 /* PostCreate.swift in Sources */,
				D0B5D68628F30E7300D07944 /* KakaoAuthVM.swift in Sources */,
				D0F4D4D328FDA1CB0085EB28 /* Search.swift in Sources */,
				D052589328BC8E0300EDF8C4 /* GenreThumbnail.swift in Sources */,
				91BC78E428A6920F002C38CF /* UserMyPostView.swift in Sources */,
				D0229E6328FE8DD800C5F38C /* BackgroundVideo.swift in Sources */,
				D04E4A6228AF664700D04543 /* PostDetailInfo.swift in Sources */,
				91014F1A2895841F00C58E8B /* GenreTagView.swift in Sources */,
				D01F104E290452CB001B61D0 /* PlaylistInfo.swift in Sources */,
				E84A3E102903B294007FAA78 /* Author.swift in Sources */,
				9113807828CF13E0006CD66A /* UserResult.swift in Sources */,
				9113806928AFDDD4006CD66A /* PlaylistCreate.swift in Sources */,
				D08E27592896D70300013A12 /* UserPlaylist.swift in Sources */,
				E84A3E162903B894007FAA78 /* NetworkService.swift in Sources */,
				D08E27412893A56A00013A12 /* ContentView.swift in Sources */,
				D04183E4289D26890045C907 /* UserProfile.swift in Sources */,
				D0F4D4CF28FD93F90085EB28 /* PlinicColors.swift in Sources */,
				E86ECD56290472090039D8BF /* View+.swift in Sources */,
				E84A3E122903B2AD007FAA78 /* Playlist.swift in Sources */,
				E86ECD58290472190039D8BF /* ViewDidLoadModifier.swift in Sources */,
				D0F4D4D128FDA1BE0085EB28 /* PostView.swift in Sources */,
				D0C176B428BE13EF007CB43F /* SearchContentView.swift in Sources */,
				91014F182895840500C58E8B /* UserContents.swift in Sources */,
				9113807A28CF13F6006CD66A /* UserTopResult.swift in Sources */,
				D08E273F2893A56A00013A12 /* PlinicApp.swift in Sources */,
				D08E27552896CC3000013A12 /* PlaylistWebView.swift in Sources */,
				D0B5D67C28F3084C00D07944 /* MyAppDelegate.swift in Sources */,
				91BC78E228A691CC002C38CF /* UserMyPlaylistView.swift in Sources */,
				91014F1C2895920100C58E8B /* UserContentView.swift in Sources */,
				D0B5D68428F30B2200D07944 /* MySceneDelegate.swift in Sources */,
				D04E4A6428AF69E400D04543 /* PostDetail.swift in Sources */,
				91014F162895835C00C58E8B /* UserInfoView.swift in Sources */,
				D01AE77129011C6B00117432 /* PostHeader.swift in Sources */,
				E84A3E082903AFB6007FAA78 /* PostAPI.swift in Sources */,
				D022C58928D704DA00E4EFEA /* LoginButton.swift in Sources */,
				9113807228C79836006CD66A /* SearchResult.swift in Sources */,
				D063160528FFE80A00636ED1 /* PostList.swift in Sources */,
				D050ED2A28FAACD50048C20F /* UserView.swift in Sources */,
			);
			runOnlyForDeploymentPostprocessing = 0;
		};
/* End PBXSourcesBuildPhase section */

/* Begin XCBuildConfiguration section */
		D08E27472893A56F00013A12 /* Debug */ = {
			isa = XCBuildConfiguration;
			baseConfigurationReference = D031829828F18BF40092267C /* Config.xcconfig */;
			buildSettings = {
				ALWAYS_SEARCH_USER_PATHS = NO;
				CLANG_ANALYZER_NONNULL = YES;
				CLANG_ANALYZER_NUMBER_OBJECT_CONVERSION = YES_AGGRESSIVE;
				CLANG_CXX_LANGUAGE_STANDARD = "gnu++17";
				CLANG_ENABLE_MODULES = YES;
				CLANG_ENABLE_OBJC_ARC = YES;
				CLANG_ENABLE_OBJC_WEAK = YES;
				CLANG_WARN_BLOCK_CAPTURE_AUTORELEASING = YES;
				CLANG_WARN_BOOL_CONVERSION = YES;
				CLANG_WARN_COMMA = YES;
				CLANG_WARN_CONSTANT_CONVERSION = YES;
				CLANG_WARN_DEPRECATED_OBJC_IMPLEMENTATIONS = YES;
				CLANG_WARN_DIRECT_OBJC_ISA_USAGE = YES_ERROR;
				CLANG_WARN_DOCUMENTATION_COMMENTS = YES;
				CLANG_WARN_EMPTY_BODY = YES;
				CLANG_WARN_ENUM_CONVERSION = YES;
				CLANG_WARN_INFINITE_RECURSION = YES;
				CLANG_WARN_INT_CONVERSION = YES;
				CLANG_WARN_NON_LITERAL_NULL_CONVERSION = YES;
				CLANG_WARN_OBJC_IMPLICIT_RETAIN_SELF = YES;
				CLANG_WARN_OBJC_LITERAL_CONVERSION = YES;
				CLANG_WARN_OBJC_ROOT_CLASS = YES_ERROR;
				CLANG_WARN_QUOTED_INCLUDE_IN_FRAMEWORK_HEADER = YES;
				CLANG_WARN_RANGE_LOOP_ANALYSIS = YES;
				CLANG_WARN_STRICT_PROTOTYPES = YES;
				CLANG_WARN_SUSPICIOUS_MOVE = YES;
				CLANG_WARN_UNGUARDED_AVAILABILITY = YES_AGGRESSIVE;
				CLANG_WARN_UNREACHABLE_CODE = YES;
				CLANG_WARN__DUPLICATE_METHOD_MATCH = YES;
				COPY_PHASE_STRIP = NO;
				DEBUG_INFORMATION_FORMAT = dwarf;
				ENABLE_STRICT_OBJC_MSGSEND = YES;
				ENABLE_TESTABILITY = YES;
				GCC_C_LANGUAGE_STANDARD = gnu11;
				GCC_DYNAMIC_NO_PIC = NO;
				GCC_NO_COMMON_BLOCKS = YES;
				GCC_OPTIMIZATION_LEVEL = 0;
				GCC_PREPROCESSOR_DEFINITIONS = (
					"DEBUG=1",
					"$(inherited)",
				);
				GCC_WARN_64_TO_32_BIT_CONVERSION = YES;
				GCC_WARN_ABOUT_RETURN_TYPE = YES_ERROR;
				GCC_WARN_UNDECLARED_SELECTOR = YES;
				GCC_WARN_UNINITIALIZED_AUTOS = YES_AGGRESSIVE;
				GCC_WARN_UNUSED_FUNCTION = YES;
				GCC_WARN_UNUSED_VARIABLE = YES;
				IPHONEOS_DEPLOYMENT_TARGET = 15.0;
				MTL_ENABLE_DEBUG_INFO = INCLUDE_SOURCE;
				MTL_FAST_MATH = YES;
				ONLY_ACTIVE_ARCH = YES;
				SDKROOT = iphoneos;
				SWIFT_ACTIVE_COMPILATION_CONDITIONS = DEBUG;
				SWIFT_OPTIMIZATION_LEVEL = "-Onone";
			};
			name = Debug;
		};
		D08E27482893A56F00013A12 /* Release */ = {
			isa = XCBuildConfiguration;
			baseConfigurationReference = D031829828F18BF40092267C /* Config.xcconfig */;
			buildSettings = {
				ALWAYS_SEARCH_USER_PATHS = NO;
				CLANG_ANALYZER_NONNULL = YES;
				CLANG_ANALYZER_NUMBER_OBJECT_CONVERSION = YES_AGGRESSIVE;
				CLANG_CXX_LANGUAGE_STANDARD = "gnu++17";
				CLANG_ENABLE_MODULES = YES;
				CLANG_ENABLE_OBJC_ARC = YES;
				CLANG_ENABLE_OBJC_WEAK = YES;
				CLANG_WARN_BLOCK_CAPTURE_AUTORELEASING = YES;
				CLANG_WARN_BOOL_CONVERSION = YES;
				CLANG_WARN_COMMA = YES;
				CLANG_WARN_CONSTANT_CONVERSION = YES;
				CLANG_WARN_DEPRECATED_OBJC_IMPLEMENTATIONS = YES;
				CLANG_WARN_DIRECT_OBJC_ISA_USAGE = YES_ERROR;
				CLANG_WARN_DOCUMENTATION_COMMENTS = YES;
				CLANG_WARN_EMPTY_BODY = YES;
				CLANG_WARN_ENUM_CONVERSION = YES;
				CLANG_WARN_INFINITE_RECURSION = YES;
				CLANG_WARN_INT_CONVERSION = YES;
				CLANG_WARN_NON_LITERAL_NULL_CONVERSION = YES;
				CLANG_WARN_OBJC_IMPLICIT_RETAIN_SELF = YES;
				CLANG_WARN_OBJC_LITERAL_CONVERSION = YES;
				CLANG_WARN_OBJC_ROOT_CLASS = YES_ERROR;
				CLANG_WARN_QUOTED_INCLUDE_IN_FRAMEWORK_HEADER = YES;
				CLANG_WARN_RANGE_LOOP_ANALYSIS = YES;
				CLANG_WARN_STRICT_PROTOTYPES = YES;
				CLANG_WARN_SUSPICIOUS_MOVE = YES;
				CLANG_WARN_UNGUARDED_AVAILABILITY = YES_AGGRESSIVE;
				CLANG_WARN_UNREACHABLE_CODE = YES;
				CLANG_WARN__DUPLICATE_METHOD_MATCH = YES;
				COPY_PHASE_STRIP = NO;
				DEBUG_INFORMATION_FORMAT = "dwarf-with-dsym";
				ENABLE_NS_ASSERTIONS = NO;
				ENABLE_STRICT_OBJC_MSGSEND = YES;
				GCC_C_LANGUAGE_STANDARD = gnu11;
				GCC_NO_COMMON_BLOCKS = YES;
				GCC_WARN_64_TO_32_BIT_CONVERSION = YES;
				GCC_WARN_ABOUT_RETURN_TYPE = YES_ERROR;
				GCC_WARN_UNDECLARED_SELECTOR = YES;
				GCC_WARN_UNINITIALIZED_AUTOS = YES_AGGRESSIVE;
				GCC_WARN_UNUSED_FUNCTION = YES;
				GCC_WARN_UNUSED_VARIABLE = YES;
				IPHONEOS_DEPLOYMENT_TARGET = 15.0;
				MTL_ENABLE_DEBUG_INFO = NO;
				MTL_FAST_MATH = YES;
				SDKROOT = iphoneos;
				SWIFT_COMPILATION_MODE = wholemodule;
				SWIFT_OPTIMIZATION_LEVEL = "-O";
				VALIDATE_PRODUCT = YES;
			};
			name = Release;
		};
		D08E274A2893A56F00013A12 /* Debug */ = {
			isa = XCBuildConfiguration;
			baseConfigurationReference = D031829828F18BF40092267C /* Config.xcconfig */;
			buildSettings = {
				ASSETCATALOG_COMPILER_APPICON_NAME = AppIcon;
				ASSETCATALOG_COMPILER_GLOBAL_ACCENT_COLOR_NAME = AccentColor;
				CODE_SIGN_IDENTITY = "Apple Development";
				CODE_SIGN_STYLE = Automatic;
				CURRENT_PROJECT_VERSION = 1;
				DEVELOPMENT_ASSET_PATHS = "\"Plinic/Preview Content\"";
				DEVELOPMENT_TEAM = 585F6TK5A8;
				ENABLE_PREVIEWS = YES;
				GENERATE_INFOPLIST_FILE = YES;
				INFOPLIST_FILE = Plinic/Info.plist;
				INFOPLIST_KEY_UIApplicationSceneManifest_Generation = YES;
				INFOPLIST_KEY_UIApplicationSupportsIndirectInputEvents = YES;
				INFOPLIST_KEY_UILaunchScreen_Generation = YES;
				INFOPLIST_KEY_UISupportedInterfaceOrientations = UIInterfaceOrientationPortrait;
				INFOPLIST_KEY_UISupportedInterfaceOrientations_iPad = "UIInterfaceOrientationPortrait UIInterfaceOrientationPortraitUpsideDown UIInterfaceOrientationLandscapeLeft UIInterfaceOrientationLandscapeRight";
				INFOPLIST_KEY_UISupportedInterfaceOrientations_iPhone = "UIInterfaceOrientationPortrait UIInterfaceOrientationLandscapeLeft UIInterfaceOrientationLandscapeRight";
				IPHONEOS_DEPLOYMENT_TARGET = 15.0;
				LD_RUNPATH_SEARCH_PATHS = (
					"$(inherited)",
					"@executable_path/Frameworks",
				);
				MARKETING_VERSION = 1.0;
				PRODUCT_BUNDLE_IDENTIFIER = app.netlify.plinic;
				PRODUCT_NAME = "$(TARGET_NAME)";
				PROVISIONING_PROFILE_SPECIFIER = "";
				SWIFT_EMIT_LOC_STRINGS = YES;
				SWIFT_VERSION = 5.0;
				TARGETED_DEVICE_FAMILY = 1;
			};
			name = Debug;
		};
		D08E274B2893A56F00013A12 /* Release */ = {
			isa = XCBuildConfiguration;
			baseConfigurationReference = D031829828F18BF40092267C /* Config.xcconfig */;
			buildSettings = {
				ASSETCATALOG_COMPILER_APPICON_NAME = AppIcon;
				ASSETCATALOG_COMPILER_GLOBAL_ACCENT_COLOR_NAME = AccentColor;
				CODE_SIGN_IDENTITY = "Apple Development";
				CODE_SIGN_STYLE = Automatic;
				CURRENT_PROJECT_VERSION = 1;
				DEVELOPMENT_ASSET_PATHS = "\"Plinic/Preview Content\"";
				DEVELOPMENT_TEAM = 585F6TK5A8;
				ENABLE_PREVIEWS = YES;
				GENERATE_INFOPLIST_FILE = YES;
				INFOPLIST_FILE = Plinic/Info.plist;
				INFOPLIST_KEY_UIApplicationSceneManifest_Generation = YES;
				INFOPLIST_KEY_UIApplicationSupportsIndirectInputEvents = YES;
				INFOPLIST_KEY_UILaunchScreen_Generation = YES;
				INFOPLIST_KEY_UISupportedInterfaceOrientations = UIInterfaceOrientationPortrait;
				INFOPLIST_KEY_UISupportedInterfaceOrientations_iPad = "UIInterfaceOrientationPortrait UIInterfaceOrientationPortraitUpsideDown UIInterfaceOrientationLandscapeLeft UIInterfaceOrientationLandscapeRight";
				INFOPLIST_KEY_UISupportedInterfaceOrientations_iPhone = "UIInterfaceOrientationPortrait UIInterfaceOrientationLandscapeLeft UIInterfaceOrientationLandscapeRight";
				IPHONEOS_DEPLOYMENT_TARGET = 15.0;
				LD_RUNPATH_SEARCH_PATHS = (
					"$(inherited)",
					"@executable_path/Frameworks",
				);
				MARKETING_VERSION = 1.0;
				PRODUCT_BUNDLE_IDENTIFIER = app.netlify.plinic;
				PRODUCT_NAME = "$(TARGET_NAME)";
				PROVISIONING_PROFILE_SPECIFIER = "";
				SWIFT_EMIT_LOC_STRINGS = YES;
				SWIFT_VERSION = 5.0;
				TARGETED_DEVICE_FAMILY = 1;
			};
			name = Release;
		};
/* End XCBuildConfiguration section */

/* Begin XCConfigurationList section */
		D08E27362893A56A00013A12 /* Build configuration list for PBXProject "Plinic" */ = {
			isa = XCConfigurationList;
			buildConfigurations = (
				D08E27472893A56F00013A12 /* Debug */,
				D08E27482893A56F00013A12 /* Release */,
			);
			defaultConfigurationIsVisible = 0;
			defaultConfigurationName = Release;
		};
		D08E27492893A56F00013A12 /* Build configuration list for PBXNativeTarget "Plinic" */ = {
			isa = XCConfigurationList;
			buildConfigurations = (
				D08E274A2893A56F00013A12 /* Debug */,
				D08E274B2893A56F00013A12 /* Release */,
			);
			defaultConfigurationIsVisible = 0;
			defaultConfigurationName = Release;
		};
/* End XCConfigurationList section */

/* Begin XCRemoteSwiftPackageReference section */
		D0461A6B28F4591C00149F92 /* XCRemoteSwiftPackageReference "kakao-ios-sdk-rx" */ = {
			isa = XCRemoteSwiftPackageReference;
			repositoryURL = "https://github.com/kakao/kakao-ios-sdk-rx";
			requirement = {
				branch = master;
				kind = branch;
			};
		};
/* End XCRemoteSwiftPackageReference section */

/* Begin XCSwiftPackageProductDependency section */
		D0461A6F28F45AD100149F92 /* RxKakaoSDK */ = {
			isa = XCSwiftPackageProductDependency;
			package = D0461A6B28F4591C00149F92 /* XCRemoteSwiftPackageReference "kakao-ios-sdk-rx" */;
			productName = RxKakaoSDK;
		};
/* End XCSwiftPackageProductDependency section */
	};
	rootObject = D08E27332893A56A00013A12 /* Project object */;
}
