// !$*UTF8*$!
{
	archiveVersion = 1;
	classes = {
	};
	objectVersion = 55;
	objects = {

/* Begin PBXBuildFile section */
		91014F162895835C00C58E8B /* UserInfoView.swift in Sources */ = {isa = PBXBuildFile; fileRef = 91014F152895835C00C58E8B /* UserInfoView.swift */; };
		91014F182895840500C58E8B /* UserCountsView.swift in Sources */ = {isa = PBXBuildFile; fileRef = 91014F172895840500C58E8B /* UserCountsView.swift */; };
		91014F1A2895841F00C58E8B /* GenreTagView.swift in Sources */ = {isa = PBXBuildFile; fileRef = 91014F192895841F00C58E8B /* GenreTagView.swift */; };
		91014F1C2895920100C58E8B /* UserContentView.swift in Sources */ = {isa = PBXBuildFile; fileRef = 91014F1B2895920100C58E8B /* UserContentView.swift */; };
		9113806928AFDDD4006CD66A /* PlaylistCreateView.swift in Sources */ = {isa = PBXBuildFile; fileRef = 9113806828AFDDD4006CD66A /* PlaylistCreateView.swift */; };
		9113807228C79836006CD66A /* SearchResultView.swift in Sources */ = {isa = PBXBuildFile; fileRef = 9113807128C79836006CD66A /* SearchResultView.swift */; };
		9113807828CF13E0006CD66A /* UserResult.swift in Sources */ = {isa = PBXBuildFile; fileRef = 9113807728CF13E0006CD66A /* UserResult.swift */; };
		9113807A28CF13F6006CD66A /* UserTopResult.swift in Sources */ = {isa = PBXBuildFile; fileRef = 9113807928CF13F6006CD66A /* UserTopResult.swift */; };
		914AF7B228D88E640016C38C /* MoreUserResultsView.swift in Sources */ = {isa = PBXBuildFile; fileRef = 914AF7B128D88E640016C38C /* MoreUserResultsView.swift */; };
		91BC78E228A691CC002C38CF /* UserMyPlaylistView.swift in Sources */ = {isa = PBXBuildFile; fileRef = 91BC78E128A691CC002C38CF /* UserMyPlaylistView.swift */; };
		91BC78E428A6920F002C38CF /* UserPostView.swift in Sources */ = {isa = PBXBuildFile; fileRef = 91BC78E328A6920F002C38CF /* UserPostView.swift */; };
		D0023CBF290662CB006057B3 /* Genre.swift in Sources */ = {isa = PBXBuildFile; fileRef = D0023CBE290662CB006057B3 /* Genre.swift */; };
		D0023CC12906C5BE006057B3 /* GenreAPI.swift in Sources */ = {isa = PBXBuildFile; fileRef = D0023CC02906C5BD006057B3 /* GenreAPI.swift */; };
		D0023CC32906D01A006057B3 /* PostSearchView.swift in Sources */ = {isa = PBXBuildFile; fileRef = D0023CC22906D01A006057B3 /* PostSearchView.swift */; };
		D01AE77129011C6B00117432 /* PostHeaderView.swift in Sources */ = {isa = PBXBuildFile; fileRef = D01AE77029011C6B00117432 /* PostHeaderView.swift */; };
		D01C63A328A6B2280037813F /* .gitignore in Resources */ = {isa = PBXBuildFile; fileRef = D01C63A228A6B2280037813F /* .gitignore */; };
		D01C63A728A6D0180037813F /* PostView.swift in Sources */ = {isa = PBXBuildFile; fileRef = D01C63A628A6D0180037813F /* PostView.swift */; };
		D01F104E290452CB001B61D0 /* PlaylistInfoView.swift in Sources */ = {isa = PBXBuildFile; fileRef = D01F104D290452CB001B61D0 /* PlaylistInfoView.swift */; };
		D0229E6328FE8DD800C5F38C /* BackgroundVideo.swift in Sources */ = {isa = PBXBuildFile; fileRef = D0229E6228FE8DD800C5F38C /* BackgroundVideo.swift */; };
		D022C58628D6FDA300E4EFEA /* VideoBackgroundView.swift in Sources */ = {isa = PBXBuildFile; fileRef = D022C58528D6FDA300E4EFEA /* VideoBackgroundView.swift */; };
		D022C58928D704DA00E4EFEA /* LoginButton.swift in Sources */ = {isa = PBXBuildFile; fileRef = D022C58828D704DA00E4EFEA /* LoginButton.swift */; };
		D04183E4289D26890045C907 /* UserProfileEditView.swift in Sources */ = {isa = PBXBuildFile; fileRef = D04183E3289D26890045C907 /* UserProfileEditView.swift */; };
		D0461A7028F45AD100149F92 /* RxKakaoSDK in Frameworks */ = {isa = PBXBuildFile; productRef = D0461A6F28F45AD100149F92 /* RxKakaoSDK */; };
		D047BA5129056B21008CA3E4 /* RecentNotice.swift in Sources */ = {isa = PBXBuildFile; fileRef = D047BA5029056B21008CA3E4 /* RecentNotice.swift */; };
		D047BA5429057212008CA3E4 /* NoticeAPI.swift in Sources */ = {isa = PBXBuildFile; fileRef = D047BA5329057212008CA3E4 /* NoticeAPI.swift */; };
		D04E4A6228AF664700D04543 /* PostDetailInfoView.swift in Sources */ = {isa = PBXBuildFile; fileRef = D04E4A6128AF664700D04543 /* PostDetailInfoView.swift */; };
		D04E4A6428AF69E400D04543 /* PostDetailView.swift in Sources */ = {isa = PBXBuildFile; fileRef = D04E4A6328AF69E400D04543 /* PostDetailView.swift */; };
		D04F1B9429090FE30020D80C /* ImagePicker.swift in Sources */ = {isa = PBXBuildFile; fileRef = D04F1B9329090FE20020D80C /* ImagePicker.swift */; };
		D04F1B96290915E80020D80C /* UIImage+.swift in Sources */ = {isa = PBXBuildFile; fileRef = D04F1B95290915E80020D80C /* UIImage+.swift */; };
		D052589328BC8E0300EDF8C4 /* GenreThumbnail.swift in Sources */ = {isa = PBXBuildFile; fileRef = D052589228BC8E0300EDF8C4 /* GenreThumbnail.swift */; };
		D063160528FFE80A00636ED1 /* PostList.swift in Sources */ = {isa = PBXBuildFile; fileRef = D063160428FFE80A00636ED1 /* PostList.swift */; };
		D06539B728AFCDBF008B5199 /* PostCreateView.swift in Sources */ = {isa = PBXBuildFile; fileRef = D06539B628AFCDBF008B5199 /* PostCreateView.swift */; };
		D08E273F2893A56A00013A12 /* PlinicApp.swift in Sources */ = {isa = PBXBuildFile; fileRef = D08E273E2893A56A00013A12 /* PlinicApp.swift */; };
		D08E27412893A56A00013A12 /* ContentView.swift in Sources */ = {isa = PBXBuildFile; fileRef = D08E27402893A56A00013A12 /* ContentView.swift */; };
		D08E27432893A56F00013A12 /* Assets.xcassets in Resources */ = {isa = PBXBuildFile; fileRef = D08E27422893A56F00013A12 /* Assets.xcassets */; };
		D08E27462893A56F00013A12 /* Preview Assets.xcassets in Resources */ = {isa = PBXBuildFile; fileRef = D08E27452893A56F00013A12 /* Preview Assets.xcassets */; };
		D08E274F2893C63500013A12 /* ThumbnailView.swift in Sources */ = {isa = PBXBuildFile; fileRef = D08E274E2893C63400013A12 /* ThumbnailView.swift */; };
		D08E27552896CC3000013A12 /* WebView.swift in Sources */ = {isa = PBXBuildFile; fileRef = D08E27542896CC3000013A12 /* WebView.swift */; };
		D08E27592896D70300013A12 /* PlaylistView.swift in Sources */ = {isa = PBXBuildFile; fileRef = D08E27582896D70300013A12 /* PlaylistView.swift */; };
		D09B08BA29095E8400C0389B /* OtherUserView.swift in Sources */ = {isa = PBXBuildFile; fileRef = D09B08B929095E8400C0389B /* OtherUserView.swift */; };
		D09B08BC29095FAB00C0389B /* OtherUserPlaylistView.swift in Sources */ = {isa = PBXBuildFile; fileRef = D09B08BB29095FAB00C0389B /* OtherUserPlaylistView.swift */; };
		D0A54AC528ACA8DA0097010B /* PostContentView.swift in Sources */ = {isa = PBXBuildFile; fileRef = D0A54AC428ACA8DA0097010B /* PostContentView.swift */; };
		D0B5D67C28F3084C00D07944 /* MyAppDelegate.swift in Sources */ = {isa = PBXBuildFile; fileRef = D0B5D67B28F3084C00D07944 /* MyAppDelegate.swift */; };
		D0B5D68428F30B2200D07944 /* MySceneDelegate.swift in Sources */ = {isa = PBXBuildFile; fileRef = D0B5D68328F30B2200D07944 /* MySceneDelegate.swift */; };
		D0B5D68628F30E7300D07944 /* KakaoAuthVM.swift in Sources */ = {isa = PBXBuildFile; fileRef = D0B5D68528F30E7300D07944 /* KakaoAuthVM.swift */; };
		D0C176B428BE13EF007CB43F /* SearchContentView.swift in Sources */ = {isa = PBXBuildFile; fileRef = D0C176B228BE1360007CB43F /* SearchContentView.swift */; };
		D0C176B628C73419007CB43F /* SearchBar.swift in Sources */ = {isa = PBXBuildFile; fileRef = D0C176B528C73418007CB43F /* SearchBar.swift */; };
		D0C176B928D21A45007CB43F /* LoginContentView.swift in Sources */ = {isa = PBXBuildFile; fileRef = D0C176B828D21A45007CB43F /* LoginContentView.swift */; };
		D0E6E46A29046B0D00BA875A /* PostDetail.swift in Sources */ = {isa = PBXBuildFile; fileRef = D0E6E46929046B0D00BA875A /* PostDetail.swift */; };
		D0E6E46C29046B6C00BA875A /* PlaylistDetial.swift in Sources */ = {isa = PBXBuildFile; fileRef = D0E6E46B29046B6C00BA875A /* PlaylistDetial.swift */; };
		D0F4D4CF28FD93F90085EB28 /* PlinicColors.swift in Sources */ = {isa = PBXBuildFile; fileRef = D0F4D4CE28FD93F90085EB28 /* PlinicColors.swift */; };
		D0F4D4D528FDAEB20085EB28 /* Keyboards.swift in Sources */ = {isa = PBXBuildFile; fileRef = D0F4D4D428FDAEB20085EB28 /* Keyboards.swift */; };
		E84A3E082903AFB6007FAA78 /* PostAPI.swift in Sources */ = {isa = PBXBuildFile; fileRef = E84A3E072903AFB6007FAA78 /* PostAPI.swift */; };
		E84A3E0A2903AFDB007FAA78 /* RandomAPI.swift in Sources */ = {isa = PBXBuildFile; fileRef = E84A3E092903AFDB007FAA78 /* RandomAPI.swift */; };
		E84A3E0E2903B274007FAA78 /* Post.swift in Sources */ = {isa = PBXBuildFile; fileRef = E84A3E0D2903B274007FAA78 /* Post.swift */; };
		E84A3E102903B294007FAA78 /* Author.swift in Sources */ = {isa = PBXBuildFile; fileRef = E84A3E0F2903B294007FAA78 /* Author.swift */; };
		E84A3E122903B2AD007FAA78 /* Playlist.swift in Sources */ = {isa = PBXBuildFile; fileRef = E84A3E112903B2AD007FAA78 /* Playlist.swift */; };
		E84A3E162903B894007FAA78 /* NetworkService.swift in Sources */ = {isa = PBXBuildFile; fileRef = E84A3E152903B894007FAA78 /* NetworkService.swift */; };
		E8689D96290554CC00D2A03F /* UserAPI.swift in Sources */ = {isa = PBXBuildFile; fileRef = E8689D95290554CC00D2A03F /* UserAPI.swift */; };
		E8689D992905550500D2A03F /* UserInfo.swift in Sources */ = {isa = PBXBuildFile; fileRef = E8689D982905550500D2A03F /* UserInfo.swift */; };
		E86ECD56290472090039D8BF /* View+.swift in Sources */ = {isa = PBXBuildFile; fileRef = E86ECD55290472090039D8BF /* View+.swift */; };
		E86ECD58290472190039D8BF /* ViewDidLoadModifier.swift in Sources */ = {isa = PBXBuildFile; fileRef = E86ECD57290472190039D8BF /* ViewDidLoadModifier.swift */; };
		E876C088290914B700237FF9 /* SearchAPI.swift in Sources */ = {isa = PBXBuildFile; fileRef = E876C087290914B700237FF9 /* SearchAPI.swift */; };
		E876C08A2909159600237FF9 /* SearchResult.swift in Sources */ = {isa = PBXBuildFile; fileRef = E876C0892909159600237FF9 /* SearchResult.swift */; };
		E8C4A37229069A3900425064 /* MainTabBarView.swift in Sources */ = {isa = PBXBuildFile; fileRef = E8C4A37129069A3900425064 /* MainTabBarView.swift */; };
		E8C4A3772906FCF200425064 /* PlaylistAPI.swift in Sources */ = {isa = PBXBuildFile; fileRef = E8C4A3762906FCF200425064 /* PlaylistAPI.swift */; };
		E8C6C58C29082DEF00479BDA /* RandomThumbnail.swift in Sources */ = {isa = PBXBuildFile; fileRef = E8C6C58B29082DEF00479BDA /* RandomThumbnail.swift */; };
/* End PBXBuildFile section */

/* Begin PBXFileReference section */
		91014F152895835C00C58E8B /* UserInfoView.swift */ = {isa = PBXFileReference; lastKnownFileType = sourcecode.swift; path = UserInfoView.swift; sourceTree = "<group>"; };
		91014F172895840500C58E8B /* UserCountsView.swift */ = {isa = PBXFileReference; lastKnownFileType = sourcecode.swift; path = UserCountsView.swift; sourceTree = "<group>"; };
		91014F192895841F00C58E8B /* GenreTagView.swift */ = {isa = PBXFileReference; lastKnownFileType = sourcecode.swift; path = GenreTagView.swift; sourceTree = "<group>"; };
		91014F1B2895920100C58E8B /* UserContentView.swift */ = {isa = PBXFileReference; lastKnownFileType = sourcecode.swift; path = UserContentView.swift; sourceTree = "<group>"; };
		9113806828AFDDD4006CD66A /* PlaylistCreateView.swift */ = {isa = PBXFileReference; lastKnownFileType = sourcecode.swift; path = PlaylistCreateView.swift; sourceTree = "<group>"; };
		9113807128C79836006CD66A /* SearchResultView.swift */ = {isa = PBXFileReference; lastKnownFileType = sourcecode.swift; path = SearchResultView.swift; sourceTree = "<group>"; };
		9113807728CF13E0006CD66A /* UserResult.swift */ = {isa = PBXFileReference; lastKnownFileType = sourcecode.swift; path = UserResult.swift; sourceTree = "<group>"; };
		9113807928CF13F6006CD66A /* UserTopResult.swift */ = {isa = PBXFileReference; lastKnownFileType = sourcecode.swift; path = UserTopResult.swift; sourceTree = "<group>"; };
		914AF7B128D88E640016C38C /* MoreUserResultsView.swift */ = {isa = PBXFileReference; lastKnownFileType = sourcecode.swift; path = MoreUserResultsView.swift; sourceTree = "<group>"; };
		91BC78E128A691CC002C38CF /* UserMyPlaylistView.swift */ = {isa = PBXFileReference; lastKnownFileType = sourcecode.swift; path = UserMyPlaylistView.swift; sourceTree = "<group>"; };
		91BC78E328A6920F002C38CF /* UserPostView.swift */ = {isa = PBXFileReference; lastKnownFileType = sourcecode.swift; path = UserPostView.swift; sourceTree = "<group>"; };
		D0023CBE290662CB006057B3 /* Genre.swift */ = {isa = PBXFileReference; lastKnownFileType = sourcecode.swift; path = Genre.swift; sourceTree = "<group>"; };
		D0023CC02906C5BD006057B3 /* GenreAPI.swift */ = {isa = PBXFileReference; lastKnownFileType = sourcecode.swift; path = GenreAPI.swift; sourceTree = "<group>"; };
		D0023CC22906D01A006057B3 /* PostSearchView.swift */ = {isa = PBXFileReference; lastKnownFileType = sourcecode.swift; path = PostSearchView.swift; sourceTree = "<group>"; };
		D01AE77029011C6B00117432 /* PostHeaderView.swift */ = {isa = PBXFileReference; lastKnownFileType = sourcecode.swift; path = PostHeaderView.swift; sourceTree = "<group>"; };
		D01C63A228A6B2280037813F /* .gitignore */ = {isa = PBXFileReference; lastKnownFileType = text; path = .gitignore; sourceTree = "<group>"; };
		D01C63A628A6D0180037813F /* PostView.swift */ = {isa = PBXFileReference; lastKnownFileType = sourcecode.swift; path = PostView.swift; sourceTree = "<group>"; };
		D01F104D290452CB001B61D0 /* PlaylistInfoView.swift */ = {isa = PBXFileReference; lastKnownFileType = sourcecode.swift; path = PlaylistInfoView.swift; sourceTree = "<group>"; };
		D0229E6228FE8DD800C5F38C /* BackgroundVideo.swift */ = {isa = PBXFileReference; lastKnownFileType = sourcecode.swift; path = BackgroundVideo.swift; sourceTree = "<group>"; };
		D022C58528D6FDA300E4EFEA /* VideoBackgroundView.swift */ = {isa = PBXFileReference; lastKnownFileType = sourcecode.swift; path = VideoBackgroundView.swift; sourceTree = "<group>"; };
		D022C58828D704DA00E4EFEA /* LoginButton.swift */ = {isa = PBXFileReference; lastKnownFileType = sourcecode.swift; path = LoginButton.swift; sourceTree = "<group>"; };
		D031829828F18BF40092267C /* Config.xcconfig */ = {isa = PBXFileReference; lastKnownFileType = text.xcconfig; path = Config.xcconfig; sourceTree = "<group>"; };
		D04183E3289D26890045C907 /* UserProfileEditView.swift */ = {isa = PBXFileReference; lastKnownFileType = sourcecode.swift; path = UserProfileEditView.swift; sourceTree = "<group>"; };
		D047BA5029056B21008CA3E4 /* RecentNotice.swift */ = {isa = PBXFileReference; lastKnownFileType = sourcecode.swift; path = RecentNotice.swift; sourceTree = "<group>"; };
		D047BA5329057212008CA3E4 /* NoticeAPI.swift */ = {isa = PBXFileReference; lastKnownFileType = sourcecode.swift; path = NoticeAPI.swift; sourceTree = "<group>"; };
		D04E4A6128AF664700D04543 /* PostDetailInfoView.swift */ = {isa = PBXFileReference; lastKnownFileType = sourcecode.swift; path = PostDetailInfoView.swift; sourceTree = "<group>"; };
		D04E4A6328AF69E400D04543 /* PostDetailView.swift */ = {isa = PBXFileReference; lastKnownFileType = sourcecode.swift; path = PostDetailView.swift; sourceTree = "<group>"; };
		D04F1B9329090FE20020D80C /* ImagePicker.swift */ = {isa = PBXFileReference; lastKnownFileType = sourcecode.swift; path = ImagePicker.swift; sourceTree = "<group>"; };
		D04F1B95290915E80020D80C /* UIImage+.swift */ = {isa = PBXFileReference; lastKnownFileType = sourcecode.swift; path = "UIImage+.swift"; sourceTree = "<group>"; };
		D052589228BC8E0300EDF8C4 /* GenreThumbnail.swift */ = {isa = PBXFileReference; lastKnownFileType = sourcecode.swift; path = GenreThumbnail.swift; sourceTree = "<group>"; };
		D063160428FFE80A00636ED1 /* PostList.swift */ = {isa = PBXFileReference; lastKnownFileType = sourcecode.swift; path = PostList.swift; sourceTree = "<group>"; };
		D06539B628AFCDBF008B5199 /* PostCreateView.swift */ = {isa = PBXFileReference; lastKnownFileType = sourcecode.swift; path = PostCreateView.swift; sourceTree = "<group>"; };
		D08E273B2893A56A00013A12 /* Plinic.app */ = {isa = PBXFileReference; explicitFileType = wrapper.application; includeInIndex = 0; path = Plinic.app; sourceTree = BUILT_PRODUCTS_DIR; };
		D08E273E2893A56A00013A12 /* PlinicApp.swift */ = {isa = PBXFileReference; lastKnownFileType = sourcecode.swift; path = PlinicApp.swift; sourceTree = "<group>"; };
		D08E27402893A56A00013A12 /* ContentView.swift */ = {isa = PBXFileReference; lastKnownFileType = sourcecode.swift; path = ContentView.swift; sourceTree = "<group>"; };
		D08E27422893A56F00013A12 /* Assets.xcassets */ = {isa = PBXFileReference; lastKnownFileType = folder.assetcatalog; path = Assets.xcassets; sourceTree = "<group>"; };
		D08E27452893A56F00013A12 /* Preview Assets.xcassets */ = {isa = PBXFileReference; lastKnownFileType = folder.assetcatalog; path = "Preview Assets.xcassets"; sourceTree = "<group>"; };
		D08E274E2893C63400013A12 /* ThumbnailView.swift */ = {isa = PBXFileReference; lastKnownFileType = sourcecode.swift; path = ThumbnailView.swift; sourceTree = "<group>"; };
		D08E27522896CBCA00013A12 /* Info.plist */ = {isa = PBXFileReference; lastKnownFileType = text.plist; path = Info.plist; sourceTree = "<group>"; };
		D08E27542896CC3000013A12 /* WebView.swift */ = {isa = PBXFileReference; lastKnownFileType = sourcecode.swift; path = WebView.swift; sourceTree = "<group>"; };
		D08E27582896D70300013A12 /* PlaylistView.swift */ = {isa = PBXFileReference; lastKnownFileType = sourcecode.swift; path = PlaylistView.swift; sourceTree = "<group>"; };
		D09B08B929095E8400C0389B /* OtherUserView.swift */ = {isa = PBXFileReference; lastKnownFileType = sourcecode.swift; path = OtherUserView.swift; sourceTree = "<group>"; };
		D09B08BB29095FAB00C0389B /* OtherUserPlaylistView.swift */ = {isa = PBXFileReference; lastKnownFileType = sourcecode.swift; path = OtherUserPlaylistView.swift; sourceTree = "<group>"; };
		D0A54AC428ACA8DA0097010B /* PostContentView.swift */ = {isa = PBXFileReference; lastKnownFileType = sourcecode.swift; path = PostContentView.swift; sourceTree = "<group>"; };
		D0B5D67B28F3084C00D07944 /* MyAppDelegate.swift */ = {isa = PBXFileReference; lastKnownFileType = sourcecode.swift; path = MyAppDelegate.swift; sourceTree = "<group>"; };
		D0B5D68328F30B2200D07944 /* MySceneDelegate.swift */ = {isa = PBXFileReference; lastKnownFileType = sourcecode.swift; path = MySceneDelegate.swift; sourceTree = "<group>"; };
		D0B5D68528F30E7300D07944 /* KakaoAuthVM.swift */ = {isa = PBXFileReference; lastKnownFileType = sourcecode.swift; path = KakaoAuthVM.swift; sourceTree = "<group>"; };
		D0C176B228BE1360007CB43F /* SearchContentView.swift */ = {isa = PBXFileReference; lastKnownFileType = sourcecode.swift; lineEnding = 1; path = SearchContentView.swift; sourceTree = "<group>"; usesTabs = 0; };
		D0C176B528C73418007CB43F /* SearchBar.swift */ = {isa = PBXFileReference; lastKnownFileType = sourcecode.swift; path = SearchBar.swift; sourceTree = "<group>"; };
		D0C176B828D21A45007CB43F /* LoginContentView.swift */ = {isa = PBXFileReference; lastKnownFileType = sourcecode.swift; path = LoginContentView.swift; sourceTree = "<group>"; };
		D0E6E46929046B0D00BA875A /* PostDetail.swift */ = {isa = PBXFileReference; lastKnownFileType = sourcecode.swift; path = PostDetail.swift; sourceTree = "<group>"; };
		D0E6E46B29046B6C00BA875A /* PlaylistDetial.swift */ = {isa = PBXFileReference; lastKnownFileType = sourcecode.swift; path = PlaylistDetial.swift; sourceTree = "<group>"; };
		D0F4D4CE28FD93F90085EB28 /* PlinicColors.swift */ = {isa = PBXFileReference; lastKnownFileType = sourcecode.swift; path = PlinicColors.swift; sourceTree = "<group>"; };
		D0F4D4D428FDAEB20085EB28 /* Keyboards.swift */ = {isa = PBXFileReference; lastKnownFileType = sourcecode.swift; path = Keyboards.swift; sourceTree = "<group>"; };
		E84A3E072903AFB6007FAA78 /* PostAPI.swift */ = {isa = PBXFileReference; lastKnownFileType = sourcecode.swift; path = PostAPI.swift; sourceTree = "<group>"; };
		E84A3E092903AFDB007FAA78 /* RandomAPI.swift */ = {isa = PBXFileReference; lastKnownFileType = sourcecode.swift; path = RandomAPI.swift; sourceTree = "<group>"; };
		E84A3E0D2903B274007FAA78 /* Post.swift */ = {isa = PBXFileReference; lastKnownFileType = sourcecode.swift; path = Post.swift; sourceTree = "<group>"; };
		E84A3E0F2903B294007FAA78 /* Author.swift */ = {isa = PBXFileReference; lastKnownFileType = sourcecode.swift; path = Author.swift; sourceTree = "<group>"; };
		E84A3E112903B2AD007FAA78 /* Playlist.swift */ = {isa = PBXFileReference; lastKnownFileType = sourcecode.swift; path = Playlist.swift; sourceTree = "<group>"; };
		E84A3E152903B894007FAA78 /* NetworkService.swift */ = {isa = PBXFileReference; lastKnownFileType = sourcecode.swift; path = NetworkService.swift; sourceTree = "<group>"; };
		E8689D95290554CC00D2A03F /* UserAPI.swift */ = {isa = PBXFileReference; lastKnownFileType = sourcecode.swift; path = UserAPI.swift; sourceTree = "<group>"; };
		E8689D982905550500D2A03F /* UserInfo.swift */ = {isa = PBXFileReference; lastKnownFileType = sourcecode.swift; path = UserInfo.swift; sourceTree = "<group>"; };
		E86ECD55290472090039D8BF /* View+.swift */ = {isa = PBXFileReference; lastKnownFileType = sourcecode.swift; path = "View+.swift"; sourceTree = "<group>"; };
		E86ECD57290472190039D8BF /* ViewDidLoadModifier.swift */ = {isa = PBXFileReference; lastKnownFileType = sourcecode.swift; path = ViewDidLoadModifier.swift; sourceTree = "<group>"; };
		E876C087290914B700237FF9 /* SearchAPI.swift */ = {isa = PBXFileReference; lastKnownFileType = sourcecode.swift; path = SearchAPI.swift; sourceTree = "<group>"; };
		E876C0892909159600237FF9 /* SearchResult.swift */ = {isa = PBXFileReference; lastKnownFileType = sourcecode.swift; path = SearchResult.swift; sourceTree = "<group>"; };
		E8C4A37129069A3900425064 /* MainTabBarView.swift */ = {isa = PBXFileReference; lastKnownFileType = sourcecode.swift; path = MainTabBarView.swift; sourceTree = "<group>"; };
		E8C4A3762906FCF200425064 /* PlaylistAPI.swift */ = {isa = PBXFileReference; lastKnownFileType = sourcecode.swift; path = PlaylistAPI.swift; sourceTree = "<group>"; };
		E8C6C58B29082DEF00479BDA /* RandomThumbnail.swift */ = {isa = PBXFileReference; lastKnownFileType = sourcecode.swift; path = RandomThumbnail.swift; sourceTree = "<group>"; };
/* End PBXFileReference section */

/* Begin PBXFrameworksBuildPhase section */
		D08E27382893A56A00013A12 /* Frameworks */ = {
			isa = PBXFrameworksBuildPhase;
			buildActionMask = 2147483647;
			files = (
				D0461A7028F45AD100149F92 /* RxKakaoSDK in Frameworks */,
			);
			runOnlyForDeploymentPostprocessing = 0;
		};
/* End PBXFrameworksBuildPhase section */

/* Begin PBXGroup section */
		D0023CB92906628F006057B3 /* CommonAPI */ = {
			isa = PBXGroup;
			children = (
				D0023CC02906C5BD006057B3 /* GenreAPI.swift */,
				D0023CBC290662A9006057B3 /* DTO */,
			);
			path = CommonAPI;
			sourceTree = "<group>";
		};
		D0023CBC290662A9006057B3 /* DTO */ = {
			isa = PBXGroup;
			children = (
				D0023CBE290662CB006057B3 /* Genre.swift */,
			);
			path = DTO;
			sourceTree = "<group>";
		};
		D01C63A428A6CF970037813F /* Post */ = {
			isa = PBXGroup;
			children = (
				D0A54AC428ACA8DA0097010B /* PostContentView.swift */,
				D01C63A528A6CFB10037813F /* PostViews */,
			);
			path = Post;
			sourceTree = "<group>";
		};
		D01C63A528A6CFB10037813F /* PostViews */ = {
			isa = PBXGroup;
			children = (
				D01C63A628A6D0180037813F /* PostView.swift */,
				D04E4A6128AF664700D04543 /* PostDetailInfoView.swift */,
				D01AE77029011C6B00117432 /* PostHeaderView.swift */,
				D04E4A6328AF69E400D04543 /* PostDetailView.swift */,
				D06539B628AFCDBF008B5199 /* PostCreateView.swift */,
			);
			path = PostViews;
			sourceTree = "<group>";
		};
		D0229E6128FE8DAC00C5F38C /* Back-End */ = {
			isa = PBXGroup;
			children = (
				E84A3E142903B88B007FAA78 /* Network */,
				D0023CB92906628F006057B3 /* CommonAPI */,
				E876C0852909149900237FF9 /* SearchAPI */,
				D047BA52290571B5008CA3E4 /* NoticeAPI */,
				E8689D94290554B600D2A03F /* UserAPI */,
				E84A3E062903AF5D007FAA78 /* PlaylistAPI */,
				E84A3E052903AF48007FAA78 /* RandomAPI */,
				E84A3E032903AF24007FAA78 /* PostAPI */,
			);
			path = "Back-End";
			sourceTree = "<group>";
		};
		D022C58728D704BC00E4EFEA /* Components */ = {
			isa = PBXGroup;
			children = (
				D022C58828D704DA00E4EFEA /* LoginButton.swift */,
			);
			path = Components;
			sourceTree = "<group>";
		};
		D0461A6E28F45AC500149F92 /* Frameworks */ = {
			isa = PBXGroup;
			children = (
			);
			name = Frameworks;
			sourceTree = "<group>";
		};
		D047BA52290571B5008CA3E4 /* NoticeAPI */ = {
			isa = PBXGroup;
			children = (
				D047BA5329057212008CA3E4 /* NoticeAPI.swift */,
				D047BA5529057217008CA3E4 /* DTO */,
			);
			path = NoticeAPI;
			sourceTree = "<group>";
		};
		D047BA5529057217008CA3E4 /* DTO */ = {
			isa = PBXGroup;
			children = (
				D047BA5029056B21008CA3E4 /* RecentNotice.swift */,
			);
			path = DTO;
			sourceTree = "<group>";
		};
		D052589028BC8BB900EDF8C4 /* Search */ = {
			isa = PBXGroup;
			children = (
				D0C176B228BE1360007CB43F /* SearchContentView.swift */,
				D052589128BC8BE900EDF8C4 /* SearchViews */,
			);
			path = Search;
			sourceTree = "<group>";
		};
		D052589128BC8BE900EDF8C4 /* SearchViews */ = {
			isa = PBXGroup;
			children = (
				D052589228BC8E0300EDF8C4 /* GenreThumbnail.swift */,
				D0C176B528C73418007CB43F /* SearchBar.swift */,
				9113807128C79836006CD66A /* SearchResultView.swift */,
				9113807728CF13E0006CD66A /* UserResult.swift */,
				9113807928CF13F6006CD66A /* UserTopResult.swift */,
				914AF7B128D88E640016C38C /* MoreUserResultsView.swift */,
				D0023CC22906D01A006057B3 /* PostSearchView.swift */,
			);
			path = SearchViews;
			sourceTree = "<group>";
		};
		D08E27322893A56A00013A12 = {
			isa = PBXGroup;
			children = (
				D031829828F18BF40092267C /* Config.xcconfig */,
				D01C63A228A6B2280037813F /* .gitignore */,
				D08E273D2893A56A00013A12 /* Plinic */,
				D08E27422893A56F00013A12 /* Assets.xcassets */,
				D08E273C2893A56A00013A12 /* Products */,
				D0461A6E28F45AC500149F92 /* Frameworks */,
			);
			sourceTree = "<group>";
		};
		D08E273C2893A56A00013A12 /* Products */ = {
			isa = PBXGroup;
			children = (
				D08E273B2893A56A00013A12 /* Plinic.app */,
			);
			name = Products;
			sourceTree = "<group>";
		};
		D08E273D2893A56A00013A12 /* Plinic */ = {
			isa = PBXGroup;
			children = (
				D0229E6128FE8DAC00C5F38C /* Back-End */,
				D0F4D4CD28FD93BE0085EB28 /* Extensions */,
				D08E27522896CBCA00013A12 /* Info.plist */,
				E8C4A3752906C52700425064 /* Application */,
				E876C0822908FFE500237FF9 /* Views */,
				D08E27442893A56F00013A12 /* Preview Content */,
			);
			path = Plinic;
			sourceTree = "<group>";
		};
		D08E27442893A56F00013A12 /* Preview Content */ = {
			isa = PBXGroup;
			children = (
				D08E27452893A56F00013A12 /* Preview Assets.xcassets */,
			);
			path = "Preview Content";
			sourceTree = "<group>";
		};
		D08E274C2893C5A200013A12 /* User */ = {
			isa = PBXGroup;
			children = (
				91014F1B2895920100C58E8B /* UserContentView.swift */,
				D08E274D2893C5B100013A12 /* UserViews */,
				D08E27582896D70300013A12 /* PlaylistView.swift */,
				D09B08B929095E8400C0389B /* OtherUserView.swift */,
				D04183E3289D26890045C907 /* UserProfileEditView.swift */,
				9113806828AFDDD4006CD66A /* PlaylistCreateView.swift */,
			);
			path = User;
			sourceTree = "<group>";
		};
		D08E274D2893C5B100013A12 /* UserViews */ = {
			isa = PBXGroup;
			children = (
				D01F104D290452CB001B61D0 /* PlaylistInfoView.swift */,
				91014F152895835C00C58E8B /* UserInfoView.swift */,
				91014F172895840500C58E8B /* UserCountsView.swift */,
				91BC78E128A691CC002C38CF /* UserMyPlaylistView.swift */,
				91BC78E328A6920F002C38CF /* UserPostView.swift */,
				D09B08BB29095FAB00C0389B /* OtherUserPlaylistView.swift */,
			);
			path = UserViews;
			sourceTree = "<group>";
		};
		D0C176B728D21A15007CB43F /* Login */ = {
			isa = PBXGroup;
			children = (
				D0C176B828D21A45007CB43F /* LoginContentView.swift */,
				E876C0842909031F00237FF9 /* ViewModel */,
				D022C58728D704BC00E4EFEA /* Components */,
			);
			path = Login;
			sourceTree = "<group>";
		};
		D0F4D4CD28FD93BE0085EB28 /* Extensions */ = {
			isa = PBXGroup;
			children = (
				D0F4D4CE28FD93F90085EB28 /* PlinicColors.swift */,
				D0F4D4D428FDAEB20085EB28 /* Keyboards.swift */,
				E86ECD55290472090039D8BF /* View+.swift */,
				D04F1B95290915E80020D80C /* UIImage+.swift */,
				E86ECD57290472190039D8BF /* ViewDidLoadModifier.swift */,
			);
			path = Extensions;
			sourceTree = "<group>";
		};
		E84A3E032903AF24007FAA78 /* PostAPI */ = {
			isa = PBXGroup;
			children = (
				E84A3E072903AFB6007FAA78 /* PostAPI.swift */,
				E84A3E0C2903B265007FAA78 /* DTO */,
			);
			path = PostAPI;
			sourceTree = "<group>";
		};
		E84A3E052903AF48007FAA78 /* RandomAPI */ = {
			isa = PBXGroup;
			children = (
				E84A3E092903AFDB007FAA78 /* RandomAPI.swift */,
				E84A3E132903B615007FAA78 /* DTO */,
			);
			path = RandomAPI;
			sourceTree = "<group>";
		};
		E84A3E062903AF5D007FAA78 /* PlaylistAPI */ = {
			isa = PBXGroup;
			children = (
				E8C4A3762906FCF200425064 /* PlaylistAPI.swift */,
			);
			path = PlaylistAPI;
			sourceTree = "<group>";
		};
		E84A3E0C2903B265007FAA78 /* DTO */ = {
			isa = PBXGroup;
			children = (
				D063160428FFE80A00636ED1 /* PostList.swift */,
				E84A3E0D2903B274007FAA78 /* Post.swift */,
				E84A3E0F2903B294007FAA78 /* Author.swift */,
				D0E6E46929046B0D00BA875A /* PostDetail.swift */,
				E84A3E112903B2AD007FAA78 /* Playlist.swift */,
				D0E6E46B29046B6C00BA875A /* PlaylistDetial.swift */,
			);
			path = DTO;
			sourceTree = "<group>";
		};
		E84A3E132903B615007FAA78 /* DTO */ = {
			isa = PBXGroup;
			children = (
				D0229E6228FE8DD800C5F38C /* BackgroundVideo.swift */,
				E8C6C58B29082DEF00479BDA /* RandomThumbnail.swift */,
			);
			path = DTO;
			sourceTree = "<group>";
		};
		E84A3E142903B88B007FAA78 /* Network */ = {
			isa = PBXGroup;
			children = (
				E84A3E152903B894007FAA78 /* NetworkService.swift */,
			);
			path = Network;
			sourceTree = "<group>";
		};
		E8689D94290554B600D2A03F /* UserAPI */ = {
			isa = PBXGroup;
			children = (
				E8689D95290554CC00D2A03F /* UserAPI.swift */,
				E8689D97290554DF00D2A03F /* DTO */,
			);
			path = UserAPI;
			sourceTree = "<group>";
		};
		E8689D97290554DF00D2A03F /* DTO */ = {
			isa = PBXGroup;
			children = (
				E8689D982905550500D2A03F /* UserInfo.swift */,
			);
			path = DTO;
			sourceTree = "<group>";
		};
		E876C0822908FFE500237FF9 /* Views */ = {
			isa = PBXGroup;
			children = (
				E876C0832909000F00237FF9 /* Common */,
				D08E274C2893C5A200013A12 /* User */,
				D01C63A428A6CF970037813F /* Post */,
				D052589028BC8BB900EDF8C4 /* Search */,
				D0C176B728D21A15007CB43F /* Login */,
			);
			path = Views;
			sourceTree = "<group>";
		};
		E876C0832909000F00237FF9 /* Common */ = {
			isa = PBXGroup;
			children = (
				D04F1B9329090FE20020D80C /* ImagePicker.swift */,
				D08E274E2893C63400013A12 /* ThumbnailView.swift */,
				D022C58528D6FDA300E4EFEA /* VideoBackgroundView.swift */,
				D08E27542896CC3000013A12 /* WebView.swift */,
				91014F192895841F00C58E8B /* GenreTagView.swift */,
			);
			path = Common;
			sourceTree = "<group>";
		};
		E876C0842909031F00237FF9 /* ViewModel */ = {
			isa = PBXGroup;
			children = (
				D0B5D68528F30E7300D07944 /* KakaoAuthVM.swift */,
			);
			path = ViewModel;
			sourceTree = "<group>";
		};
		E876C0852909149900237FF9 /* SearchAPI */ = {
			isa = PBXGroup;
			children = (
				E876C087290914B700237FF9 /* SearchAPI.swift */,
				E876C086290914AE00237FF9 /* DTO */,
			);
			path = SearchAPI;
			sourceTree = "<group>";
		};
		E876C086290914AE00237FF9 /* DTO */ = {
			isa = PBXGroup;
			children = (
				E876C0892909159600237FF9 /* SearchResult.swift */,
			);
			path = DTO;
			sourceTree = "<group>";
		};
		E8C4A3752906C52700425064 /* Application */ = {
			isa = PBXGroup;
			children = (
				D0B5D67B28F3084C00D07944 /* MyAppDelegate.swift */,
				D0B5D68328F30B2200D07944 /* MySceneDelegate.swift */,
				D08E273E2893A56A00013A12 /* PlinicApp.swift */,
				D08E27402893A56A00013A12 /* ContentView.swift */,
				E8C4A37129069A3900425064 /* MainTabBarView.swift */,
			);
			path = Application;
			sourceTree = "<group>";
		};
/* End PBXGroup section */

/* Begin PBXNativeTarget section */
		D08E273A2893A56A00013A12 /* Plinic */ = {
			isa = PBXNativeTarget;
			buildConfigurationList = D08E27492893A56F00013A12 /* Build configuration list for PBXNativeTarget "Plinic" */;
			buildPhases = (
				D08E27372893A56A00013A12 /* Sources */,
				D08E27382893A56A00013A12 /* Frameworks */,
				D08E27392893A56A00013A12 /* Resources */,
			);
			buildRules = (
			);
			dependencies = (
			);
			name = Plinic;
			packageProductDependencies = (
				D0461A6F28F45AD100149F92 /* RxKakaoSDK */,
			);
			productName = Plinic;
			productReference = D08E273B2893A56A00013A12 /* Plinic.app */;
			productType = "com.apple.product-type.application";
		};
/* End PBXNativeTarget section */

/* Begin PBXProject section */
		D08E27332893A56A00013A12 /* Project object */ = {
			isa = PBXProject;
			attributes = {
				BuildIndependentTargetsInParallel = 1;
				LastSwiftUpdateCheck = 1330;
				LastUpgradeCheck = 1330;
				TargetAttributes = {
					D08E273A2893A56A00013A12 = {
						CreatedOnToolsVersion = 13.3;
					};
				};
			};
			buildConfigurationList = D08E27362893A56A00013A12 /* Build configuration list for PBXProject "Plinic" */;
			compatibilityVersion = "Xcode 13.0";
			developmentRegion = en;
			hasScannedForEncodings = 0;
			knownRegions = (
				en,
				Base,
			);
			mainGroup = D08E27322893A56A00013A12;
			packageReferences = (
				D0461A6B28F4591C00149F92 /* XCRemoteSwiftPackageReference "kakao-ios-sdk-rx" */,
			);
			productRefGroup = D08E273C2893A56A00013A12 /* Products */;
			projectDirPath = "";
			projectRoot = "";
			targets = (
				D08E273A2893A56A00013A12 /* Plinic */,
			);
		};
/* End PBXProject section */

/* Begin PBXResourcesBuildPhase section */
		D08E27392893A56A00013A12 /* Resources */ = {
			isa = PBXResourcesBuildPhase;
			buildActionMask = 2147483647;
			files = (
				D08E27462893A56F00013A12 /* Preview Assets.xcassets in Resources */,
				D01C63A328A6B2280037813F /* .gitignore in Resources */,
				D08E27432893A56F00013A12 /* Assets.xcassets in Resources */,
			);
			runOnlyForDeploymentPostprocessing = 0;
		};
/* End PBXResourcesBuildPhase section */

/* Begin PBXSourcesBuildPhase section */
		D08E27372893A56A00013A12 /* Sources */ = {
			isa = PBXSourcesBuildPhase;
			buildActionMask = 2147483647;
			files = (
				D0F4D4D528FDAEB20085EB28 /* Keyboards.swift in Sources */,
				D0C176B928D21A45007CB43F /* LoginContentView.swift in Sources */,
				E8C6C58C29082DEF00479BDA /* RandomThumbnail.swift in Sources */,
				D0A54AC528ACA8DA0097010B /* PostContentView.swift in Sources */,
				D0E6E46C29046B6C00BA875A /* PlaylistDetial.swift in Sources */,
				D0C176B628C73419007CB43F /* SearchBar.swift in Sources */,
				D01C63A728A6D0180037813F /* PostView.swift in Sources */,
				D022C58628D6FDA300E4EFEA /* VideoBackgroundView.swift in Sources */,
				E84A3E0E2903B274007FAA78 /* Post.swift in Sources */,
				D08E274F2893C63500013A12 /* ThumbnailView.swift in Sources */,
				E84A3E0A2903AFDB007FAA78 /* RandomAPI.swift in Sources */,
				D06539B728AFCDBF008B5199 /* PostCreateView.swift in Sources */,
				914AF7B228D88E640016C38C /* MoreUserResultsView.swift in Sources */,
				D0B5D68628F30E7300D07944 /* KakaoAuthVM.swift in Sources */,
				D0E6E46A29046B0D00BA875A /* PostDetail.swift in Sources */,
				D052589328BC8E0300EDF8C4 /* GenreThumbnail.swift in Sources */,
				91BC78E428A6920F002C38CF /* UserPostView.swift in Sources */,
				D04F1B9429090FE30020D80C /* ImagePicker.swift in Sources */,
				D0229E6328FE8DD800C5F38C /* BackgroundVideo.swift in Sources */,
				D04E4A6228AF664700D04543 /* PostDetailInfoView.swift in Sources */,
				D0023CC12906C5BE006057B3 /* GenreAPI.swift in Sources */,
				91014F1A2895841F00C58E8B /* GenreTagView.swift in Sources */,
				D01F104E290452CB001B61D0 /* PlaylistInfoView.swift in Sources */,
				E84A3E102903B294007FAA78 /* Author.swift in Sources */,
				9113807828CF13E0006CD66A /* UserResult.swift in Sources */,
				9113806928AFDDD4006CD66A /* PlaylistCreateView.swift in Sources */,
				E8689D96290554CC00D2A03F /* UserAPI.swift in Sources */,
				D08E27592896D70300013A12 /* PlaylistView.swift in Sources */,
				D09B08BA29095E8400C0389B /* OtherUserView.swift in Sources */,
				E84A3E162903B894007FAA78 /* NetworkService.swift in Sources */,
				E8C4A37229069A3900425064 /* MainTabBarView.swift in Sources */,
				D047BA5129056B21008CA3E4 /* RecentNotice.swift in Sources */,
				D08E27412893A56A00013A12 /* ContentView.swift in Sources */,
				D04F1B96290915E80020D80C /* UIImage+.swift in Sources */,
				D09B08BC29095FAB00C0389B /* OtherUserPlaylistView.swift in Sources */,
				D04183E4289D26890045C907 /* UserProfileEditView.swift in Sources */,
				D0F4D4CF28FD93F90085EB28 /* PlinicColors.swift in Sources */,
				E876C08A2909159600237FF9 /* SearchResult.swift in Sources */,
				D047BA5429057212008CA3E4 /* NoticeAPI.swift in Sources */,
				E876C088290914B700237FF9 /* SearchAPI.swift in Sources */,
				E86ECD56290472090039D8BF /* View+.swift in Sources */,
				E84A3E122903B2AD007FAA78 /* Playlist.swift in Sources */,
				E86ECD58290472190039D8BF /* ViewDidLoadModifier.swift in Sources */,
				D0C176B428BE13EF007CB43F /* SearchContentView.swift in Sources */,
				91014F182895840500C58E8B /* UserCountsView.swift in Sources */,
				9113807A28CF13F6006CD66A /* UserTopResult.swift in Sources */,
				D0023CBF290662CB006057B3 /* Genre.swift in Sources */,
				D08E273F2893A56A00013A12 /* PlinicApp.swift in Sources */,
				D08E27552896CC3000013A12 /* WebView.swift in Sources */,
				D0B5D67C28F3084C00D07944 /* MyAppDelegate.swift in Sources */,
				D0023CC32906D01A006057B3 /* PostSearchView.swift in Sources */,
				91BC78E228A691CC002C38CF /* UserMyPlaylistView.swift in Sources */,
				91014F1C2895920100C58E8B /* UserContentView.swift in Sources */,
				E8689D992905550500D2A03F /* UserInfo.swift in Sources */,
				D0B5D68428F30B2200D07944 /* MySceneDelegate.swift in Sources */,
				E8C4A3772906FCF200425064 /* PlaylistAPI.swift in Sources */,
				D04E4A6428AF69E400D04543 /* PostDetailView.swift in Sources */,
				91014F162895835C00C58E8B /* UserInfoView.swift in Sources */,
				D01AE77129011C6B00117432 /* PostHeaderView.swift in Sources */,
				E84A3E082903AFB6007FAA78 /* PostAPI.swift in Sources */,
				D022C58928D704DA00E4EFEA /* LoginButton.swift in Sources */,
				9113807228C79836006CD66A /* SearchResultView.swift in Sources */,
				D063160528FFE80A00636ED1 /* PostList.swift in Sources */,
			);
			runOnlyForDeploymentPostprocessing = 0;
		};
/* End PBXSourcesBuildPhase section */

/* Begin XCBuildConfiguration section */
		D08E27472893A56F00013A12 /* Debug */ = {
			isa = XCBuildConfiguration;
			baseConfigurationReference = D031829828F18BF40092267C /* Config.xcconfig */;
			buildSettings = {
				ALWAYS_SEARCH_USER_PATHS = NO;
				CLANG_ANALYZER_NONNULL = YES;
				CLANG_ANALYZER_NUMBER_OBJECT_CONVERSION = YES_AGGRESSIVE;
				CLANG_CXX_LANGUAGE_STANDARD = "gnu++17";
				CLANG_ENABLE_MODULES = YES;
				CLANG_ENABLE_OBJC_ARC = YES;
				CLANG_ENABLE_OBJC_WEAK = YES;
				CLANG_WARN_BLOCK_CAPTURE_AUTORELEASING = YES;
				CLANG_WARN_BOOL_CONVERSION = YES;
				CLANG_WARN_COMMA = YES;
				CLANG_WARN_CONSTANT_CONVERSION = YES;
				CLANG_WARN_DEPRECATED_OBJC_IMPLEMENTATIONS = YES;
				CLANG_WARN_DIRECT_OBJC_ISA_USAGE = YES_ERROR;
				CLANG_WARN_DOCUMENTATION_COMMENTS = YES;
				CLANG_WARN_EMPTY_BODY = YES;
				CLANG_WARN_ENUM_CONVERSION = YES;
				CLANG_WARN_INFINITE_RECURSION = YES;
				CLANG_WARN_INT_CONVERSION = YES;
				CLANG_WARN_NON_LITERAL_NULL_CONVERSION = YES;
				CLANG_WARN_OBJC_IMPLICIT_RETAIN_SELF = YES;
				CLANG_WARN_OBJC_LITERAL_CONVERSION = YES;
				CLANG_WARN_OBJC_ROOT_CLASS = YES_ERROR;
				CLANG_WARN_QUOTED_INCLUDE_IN_FRAMEWORK_HEADER = YES;
				CLANG_WARN_RANGE_LOOP_ANALYSIS = YES;
				CLANG_WARN_STRICT_PROTOTYPES = YES;
				CLANG_WARN_SUSPICIOUS_MOVE = YES;
				CLANG_WARN_UNGUARDED_AVAILABILITY = YES_AGGRESSIVE;
				CLANG_WARN_UNREACHABLE_CODE = YES;
				CLANG_WARN__DUPLICATE_METHOD_MATCH = YES;
				COPY_PHASE_STRIP = NO;
				DEBUG_INFORMATION_FORMAT = dwarf;
				ENABLE_STRICT_OBJC_MSGSEND = YES;
				ENABLE_TESTABILITY = YES;
				GCC_C_LANGUAGE_STANDARD = gnu11;
				GCC_DYNAMIC_NO_PIC = NO;
				GCC_NO_COMMON_BLOCKS = YES;
				GCC_OPTIMIZATION_LEVEL = 0;
				GCC_PREPROCESSOR_DEFINITIONS = (
					"DEBUG=1",
					"$(inherited)",
				);
				GCC_WARN_64_TO_32_BIT_CONVERSION = YES;
				GCC_WARN_ABOUT_RETURN_TYPE = YES_ERROR;
				GCC_WARN_UNDECLARED_SELECTOR = YES;
				GCC_WARN_UNINITIALIZED_AUTOS = YES_AGGRESSIVE;
				GCC_WARN_UNUSED_FUNCTION = YES;
				GCC_WARN_UNUSED_VARIABLE = YES;
				IPHONEOS_DEPLOYMENT_TARGET = 15.0;
				MTL_ENABLE_DEBUG_INFO = INCLUDE_SOURCE;
				MTL_FAST_MATH = YES;
				ONLY_ACTIVE_ARCH = YES;
				SDKROOT = iphoneos;
				SWIFT_ACTIVE_COMPILATION_CONDITIONS = DEBUG;
				SWIFT_OPTIMIZATION_LEVEL = "-Onone";
			};
			name = Debug;
		};
		D08E27482893A56F00013A12 /* Release */ = {
			isa = XCBuildConfiguration;
			baseConfigurationReference = D031829828F18BF40092267C /* Config.xcconfig */;
			buildSettings = {
				ALWAYS_SEARCH_USER_PATHS = NO;
				CLANG_ANALYZER_NONNULL = YES;
				CLANG_ANALYZER_NUMBER_OBJECT_CONVERSION = YES_AGGRESSIVE;
				CLANG_CXX_LANGUAGE_STANDARD = "gnu++17";
				CLANG_ENABLE_MODULES = YES;
				CLANG_ENABLE_OBJC_ARC = YES;
				CLANG_ENABLE_OBJC_WEAK = YES;
				CLANG_WARN_BLOCK_CAPTURE_AUTORELEASING = YES;
				CLANG_WARN_BOOL_CONVERSION = YES;
				CLANG_WARN_COMMA = YES;
				CLANG_WARN_CONSTANT_CONVERSION = YES;
				CLANG_WARN_DEPRECATED_OBJC_IMPLEMENTATIONS = YES;
				CLANG_WARN_DIRECT_OBJC_ISA_USAGE = YES_ERROR;
				CLANG_WARN_DOCUMENTATION_COMMENTS = YES;
				CLANG_WARN_EMPTY_BODY = YES;
				CLANG_WARN_ENUM_CONVERSION = YES;
				CLANG_WARN_INFINITE_RECURSION = YES;
				CLANG_WARN_INT_CONVERSION = YES;
				CLANG_WARN_NON_LITERAL_NULL_CONVERSION = YES;
				CLANG_WARN_OBJC_IMPLICIT_RETAIN_SELF = YES;
				CLANG_WARN_OBJC_LITERAL_CONVERSION = YES;
				CLANG_WARN_OBJC_ROOT_CLASS = YES_ERROR;
				CLANG_WARN_QUOTED_INCLUDE_IN_FRAMEWORK_HEADER = YES;
				CLANG_WARN_RANGE_LOOP_ANALYSIS = YES;
				CLANG_WARN_STRICT_PROTOTYPES = YES;
				CLANG_WARN_SUSPICIOUS_MOVE = YES;
				CLANG_WARN_UNGUARDED_AVAILABILITY = YES_AGGRESSIVE;
				CLANG_WARN_UNREACHABLE_CODE = YES;
				CLANG_WARN__DUPLICATE_METHOD_MATCH = YES;
				COPY_PHASE_STRIP = NO;
				DEBUG_INFORMATION_FORMAT = "dwarf-with-dsym";
				ENABLE_NS_ASSERTIONS = NO;
				ENABLE_STRICT_OBJC_MSGSEND = YES;
				GCC_C_LANGUAGE_STANDARD = gnu11;
				GCC_NO_COMMON_BLOCKS = YES;
				GCC_WARN_64_TO_32_BIT_CONVERSION = YES;
				GCC_WARN_ABOUT_RETURN_TYPE = YES_ERROR;
				GCC_WARN_UNDECLARED_SELECTOR = YES;
				GCC_WARN_UNINITIALIZED_AUTOS = YES_AGGRESSIVE;
				GCC_WARN_UNUSED_FUNCTION = YES;
				GCC_WARN_UNUSED_VARIABLE = YES;
				IPHONEOS_DEPLOYMENT_TARGET = 15.0;
				MTL_ENABLE_DEBUG_INFO = NO;
				MTL_FAST_MATH = YES;
				SDKROOT = iphoneos;
				SWIFT_COMPILATION_MODE = wholemodule;
				SWIFT_OPTIMIZATION_LEVEL = "-O";
				VALIDATE_PRODUCT = YES;
			};
			name = Release;
		};
		D08E274A2893A56F00013A12 /* Debug */ = {
			isa = XCBuildConfiguration;
			baseConfigurationReference = D031829828F18BF40092267C /* Config.xcconfig */;
			buildSettings = {
				ASSETCATALOG_COMPILER_APPICON_NAME = AppIcon;
				ASSETCATALOG_COMPILER_GLOBAL_ACCENT_COLOR_NAME = AccentColor;
				CODE_SIGN_IDENTITY = "Apple Development";
				CODE_SIGN_STYLE = Automatic;
				CURRENT_PROJECT_VERSION = 1;
				DEVELOPMENT_ASSET_PATHS = "\"Plinic/Preview Content\"";
				DEVELOPMENT_TEAM = 585F6TK5A8;
				ENABLE_PREVIEWS = YES;
				GENERATE_INFOPLIST_FILE = YES;
				INFOPLIST_FILE = Plinic/Info.plist;
				INFOPLIST_KEY_UIApplicationSceneManifest_Generation = YES;
				INFOPLIST_KEY_UIApplicationSupportsIndirectInputEvents = YES;
				INFOPLIST_KEY_UILaunchScreen_Generation = YES;
				INFOPLIST_KEY_UISupportedInterfaceOrientations = UIInterfaceOrientationPortrait;
				INFOPLIST_KEY_UISupportedInterfaceOrientations_iPad = "UIInterfaceOrientationPortrait UIInterfaceOrientationPortraitUpsideDown UIInterfaceOrientationLandscapeLeft UIInterfaceOrientationLandscapeRight";
				INFOPLIST_KEY_UISupportedInterfaceOrientations_iPhone = "UIInterfaceOrientationPortrait UIInterfaceOrientationLandscapeLeft UIInterfaceOrientationLandscapeRight";
				IPHONEOS_DEPLOYMENT_TARGET = 15.0;
				LD_RUNPATH_SEARCH_PATHS = (
					"$(inherited)",
					"@executable_path/Frameworks",
				);
				MARKETING_VERSION = 1.0;
				PRODUCT_BUNDLE_IDENTIFIER = app.netlify.plinic;
				PRODUCT_NAME = "$(TARGET_NAME)";
				PROVISIONING_PROFILE_SPECIFIER = "";
				SWIFT_EMIT_LOC_STRINGS = YES;
				SWIFT_VERSION = 5.0;
				TARGETED_DEVICE_FAMILY = 1;
			};
			name = Debug;
		};
		D08E274B2893A56F00013A12 /* Release */ = {
			isa = XCBuildConfiguration;
			baseConfigurationReference = D031829828F18BF40092267C /* Config.xcconfig */;
			buildSettings = {
				ASSETCATALOG_COMPILER_APPICON_NAME = AppIcon;
				ASSETCATALOG_COMPILER_GLOBAL_ACCENT_COLOR_NAME = AccentColor;
				CODE_SIGN_IDENTITY = "Apple Development";
				CODE_SIGN_STYLE = Automatic;
				CURRENT_PROJECT_VERSION = 1;
				DEVELOPMENT_ASSET_PATHS = "\"Plinic/Preview Content\"";
				DEVELOPMENT_TEAM = 585F6TK5A8;
				ENABLE_PREVIEWS = YES;
				GENERATE_INFOPLIST_FILE = YES;
				INFOPLIST_FILE = Plinic/Info.plist;
				INFOPLIST_KEY_UIApplicationSceneManifest_Generation = YES;
				INFOPLIST_KEY_UIApplicationSupportsIndirectInputEvents = YES;
				INFOPLIST_KEY_UILaunchScreen_Generation = YES;
				INFOPLIST_KEY_UISupportedInterfaceOrientations = UIInterfaceOrientationPortrait;
				INFOPLIST_KEY_UISupportedInterfaceOrientations_iPad = "UIInterfaceOrientationPortrait UIInterfaceOrientationPortraitUpsideDown UIInterfaceOrientationLandscapeLeft UIInterfaceOrientationLandscapeRight";
				INFOPLIST_KEY_UISupportedInterfaceOrientations_iPhone = "UIInterfaceOrientationPortrait UIInterfaceOrientationLandscapeLeft UIInterfaceOrientationLandscapeRight";
				IPHONEOS_DEPLOYMENT_TARGET = 15.0;
				LD_RUNPATH_SEARCH_PATHS = (
					"$(inherited)",
					"@executable_path/Frameworks",
				);
				MARKETING_VERSION = 1.0;
				PRODUCT_BUNDLE_IDENTIFIER = app.netlify.plinic;
				PRODUCT_NAME = "$(TARGET_NAME)";
				PROVISIONING_PROFILE_SPECIFIER = "";
				SWIFT_EMIT_LOC_STRINGS = YES;
				SWIFT_VERSION = 5.0;
				TARGETED_DEVICE_FAMILY = 1;
			};
			name = Release;
		};
/* End XCBuildConfiguration section */

/* Begin XCConfigurationList section */
		D08E27362893A56A00013A12 /* Build configuration list for PBXProject "Plinic" */ = {
			isa = XCConfigurationList;
			buildConfigurations = (
				D08E27472893A56F00013A12 /* Debug */,
				D08E27482893A56F00013A12 /* Release */,
			);
			defaultConfigurationIsVisible = 0;
			defaultConfigurationName = Release;
		};
		D08E27492893A56F00013A12 /* Build configuration list for PBXNativeTarget "Plinic" */ = {
			isa = XCConfigurationList;
			buildConfigurations = (
				D08E274A2893A56F00013A12 /* Debug */,
				D08E274B2893A56F00013A12 /* Release */,
			);
			defaultConfigurationIsVisible = 0;
			defaultConfigurationName = Release;
		};
/* End XCConfigurationList section */

/* Begin XCRemoteSwiftPackageReference section */
		D0461A6B28F4591C00149F92 /* XCRemoteSwiftPackageReference "kakao-ios-sdk-rx" */ = {
			isa = XCRemoteSwiftPackageReference;
			repositoryURL = "https://github.com/kakao/kakao-ios-sdk-rx";
			requirement = {
				branch = master;
				kind = branch;
			};
		};
/* End XCRemoteSwiftPackageReference section */

/* Begin XCSwiftPackageProductDependency section */
		D0461A6F28F45AD100149F92 /* RxKakaoSDK */ = {
			isa = XCSwiftPackageProductDependency;
			package = D0461A6B28F4591C00149F92 /* XCRemoteSwiftPackageReference "kakao-ios-sdk-rx" */;
			productName = RxKakaoSDK;
		};
/* End XCSwiftPackageProductDependency section */
	};
	rootObject = D08E27332893A56A00013A12 /* Project object */;
}
